// !$*UTF8*$!
{
	archiveVersion = 1;
	classes = {
	};
	objectVersion = 56;
	objects = {

/* Begin PBXBuildFile section */
		A210D8902AE13CF500214548 /* AppDelegate.swift in Sources */ = {isa = PBXBuildFile; fileRef = A210D88F2AE13CF500214548 /* AppDelegate.swift */; };
		A210D8922AE13CF500214548 /* SceneDelegate.swift in Sources */ = {isa = PBXBuildFile; fileRef = A210D8912AE13CF500214548 /* SceneDelegate.swift */; };
		A210D8942AE13CF500214548 /* RMTabBarController.swift in Sources */ = {isa = PBXBuildFile; fileRef = A210D8932AE13CF500214548 /* RMTabBarController.swift */; };
		A210D8992AE13CF600214548 /* Assets.xcassets in Resources */ = {isa = PBXBuildFile; fileRef = A210D8982AE13CF600214548 /* Assets.xcassets */; };
		A210D89C2AE13CF600214548 /* LaunchScreen.storyboard in Resources */ = {isa = PBXBuildFile; fileRef = A210D89A2AE13CF600214548 /* LaunchScreen.storyboard */; };
		A21533C82AEFD1410042E0BA /* RMFooterLoadingCollectionReusableView.swift in Sources */ = {isa = PBXBuildFile; fileRef = A21533C72AEFD1410042E0BA /* RMFooterLoadingCollectionReusableView.swift */; };
		A215D7742AE7B36D006A045B /* RMGetAllCharacterResponse.swift in Sources */ = {isa = PBXBuildFile; fileRef = A215D7732AE7B36D006A045B /* RMGetAllCharacterResponse.swift */; };
		A21A21932AF92D98002420D0 /* RMCharacterPhotoCollectionViewCell.swift in Sources */ = {isa = PBXBuildFile; fileRef = A21A21922AF92D98002420D0 /* RMCharacterPhotoCollectionViewCell.swift */; };
		A21A21952AF92DA8002420D0 /* RMCharacterInfoCollectionViewCell.swift in Sources */ = {isa = PBXBuildFile; fileRef = A21A21942AF92DA8002420D0 /* RMCharacterInfoCollectionViewCell.swift */; };
		A21A21972AF92DC1002420D0 /* RMCharacterEpisodeCollectionViewCell.swift in Sources */ = {isa = PBXBuildFile; fileRef = A21A21962AF92DC1002420D0 /* RMCharacterEpisodeCollectionViewCell.swift */; };
		A21A219B2AF92E78002420D0 /* RMCharacterPhotoCollectionViewCellViewModel.swift in Sources */ = {isa = PBXBuildFile; fileRef = A21A219A2AF92E78002420D0 /* RMCharacterPhotoCollectionViewCellViewModel.swift */; };
		A21A219D2AF92E98002420D0 /* RMCharacterInfoCollectionViewCellViewModel.swift in Sources */ = {isa = PBXBuildFile; fileRef = A21A219C2AF92E98002420D0 /* RMCharacterInfoCollectionViewCellViewModel.swift */; };
		A21A219F2AF92EDD002420D0 /* RMCharacterEpisodeCollectionViewCellViewModel.swift in Sources */ = {isa = PBXBuildFile; fileRef = A21A219E2AF92EDD002420D0 /* RMCharacterEpisodeCollectionViewCellViewModel.swift */; };
		A227870B2AF40AF700EC79F1 /* RMImageLoader.swift in Sources */ = {isa = PBXBuildFile; fileRef = A227870A2AF40AF700EC79F1 /* RMImageLoader.swift */; };
		A23A6DFC2B26F8A000982EEA /* RMSearchResultsView.swift in Sources */ = {isa = PBXBuildFile; fileRef = A23A6DFB2B26F8A000982EEA /* RMSearchResultsView.swift */; };
		A24DA2ED2B15CA9B00D1AAF4 /* RMSearchView.swift in Sources */ = {isa = PBXBuildFile; fileRef = A24DA2EC2B15CA9B00D1AAF4 /* RMSearchView.swift */; };
		A24DA2F02B15CABC00D1AAF4 /* RMSearchViewViewModel.swift in Sources */ = {isa = PBXBuildFile; fileRef = A24DA2EF2B15CABC00D1AAF4 /* RMSearchViewViewModel.swift */; };
		A24DA2F22B15CD9B00D1AAF4 /* RMNoSearchResultsView.swift in Sources */ = {isa = PBXBuildFile; fileRef = A24DA2F12B15CD9B00D1AAF4 /* RMNoSearchResultsView.swift */; };
		A24DA2F42B15CDB000D1AAF4 /* RMNoSearchResultsViewViewModel.swift in Sources */ = {isa = PBXBuildFile; fileRef = A24DA2F32B15CDB000D1AAF4 /* RMNoSearchResultsViewViewModel.swift */; };
		A24DA2F62B15CDCD00D1AAF4 /* RMSearchInputView.swift in Sources */ = {isa = PBXBuildFile; fileRef = A24DA2F52B15CDCD00D1AAF4 /* RMSearchInputView.swift */; };
		A24DA2F82B15CDD500D1AAF4 /* RMSearchInputViewViewModel.swift in Sources */ = {isa = PBXBuildFile; fileRef = A24DA2F72B15CDD500D1AAF4 /* RMSearchInputViewViewModel.swift */; };
		A26015CB2AE905BD005B7452 /* RMCharacterListViewViewModel.swift in Sources */ = {isa = PBXBuildFile; fileRef = A26015CA2AE905BD005B7452 /* RMCharacterListViewViewModel.swift */; };
		A26015CD2AE907CD005B7452 /* RMCharacterListView.swift in Sources */ = {isa = PBXBuildFile; fileRef = A26015CC2AE907CD005B7452 /* RMCharacterListView.swift */; };
		A271D0FB2B0F421000FEB42B /* RMLocationDetailView.swift in Sources */ = {isa = PBXBuildFile; fileRef = A271D0FA2B0F421000FEB42B /* RMLocationDetailView.swift */; };
		A271D0FD2B0F4A2700FEB42B /* RMLocationDetailViewController.swift in Sources */ = {isa = PBXBuildFile; fileRef = A271D0FC2B0F4A2700FEB42B /* RMLocationDetailViewController.swift */; };
		A27840E72AFCE834001A4FF1 /* RMEpisodeDetailViewController.swift in Sources */ = {isa = PBXBuildFile; fileRef = A27840E62AFCE834001A4FF1 /* RMEpisodeDetailViewController.swift */; };
		A292E13E2B187F8100696A12 /* RMSearchOptionPickerViewController.swift in Sources */ = {isa = PBXBuildFile; fileRef = A292E13D2B187F8100696A12 /* RMSearchOptionPickerViewController.swift */; };
		A29D1BF52AFFE673003487EA /* RMAPICacheManager.swift in Sources */ = {isa = PBXBuildFile; fileRef = A29D1BF42AFFE673003487EA /* RMAPICacheManager.swift */; };
		A29D1BF72AFFEDA9003487EA /* RMEpisodeDetailView.swift in Sources */ = {isa = PBXBuildFile; fileRef = A29D1BF62AFFEDA9003487EA /* RMEpisodeDetailView.swift */; };
		A29D1BF92AFFEDE1003487EA /* RMEpisodeDetailViewViewModel.swift in Sources */ = {isa = PBXBuildFile; fileRef = A29D1BF82AFFEDE1003487EA /* RMEpisodeDetailViewViewModel.swift */; };
		A2A0BDF62B0E4F7C00538EAF /* RMLocationTableViewCell.swift in Sources */ = {isa = PBXBuildFile; fileRef = A2A0BDF52B0E4F7C00538EAF /* RMLocationTableViewCell.swift */; };
		A2A0BDF82B0E50A900538EAF /* RMLocationTableViewCellViewModel.swift in Sources */ = {isa = PBXBuildFile; fileRef = A2A0BDF72B0E50A900538EAF /* RMLocationTableViewCellViewModel.swift */; };
		A2AB87372AEFA6730063EEDA /* RMCharacterDetailViewController.swift in Sources */ = {isa = PBXBuildFile; fileRef = A2AB87362AEFA6730063EEDA /* RMCharacterDetailViewController.swift */; };
		A2AB87392AEFA6CA0063EEDA /* RMCharacterDetailView.swift in Sources */ = {isa = PBXBuildFile; fileRef = A2AB87382AEFA6CA0063EEDA /* RMCharacterDetailView.swift */; };
		A2AB873B2AEFA6EC0063EEDA /* RMCharacterDetailViewViewModel.swift in Sources */ = {isa = PBXBuildFile; fileRef = A2AB873A2AEFA6EC0063EEDA /* RMCharacterDetailViewViewModel.swift */; };
		A2B874C32AE917E3006E57AD /* RMCharacterCollectionViewCell.swift in Sources */ = {isa = PBXBuildFile; fileRef = A2B874C22AE917E3006E57AD /* RMCharacterCollectionViewCell.swift */; };
		A2B874C52AE91910006E57AD /* RMCharacterCollectionViewCellViewModel.swift in Sources */ = {isa = PBXBuildFile; fileRef = A2B874C42AE91910006E57AD /* RMCharacterCollectionViewCellViewModel.swift */; };
		A2BF47BE2B0CC5E9004E1D6C /* RMSettingsView.swift in Sources */ = {isa = PBXBuildFile; fileRef = A2BF47BD2B0CC5E9004E1D6C /* RMSettingsView.swift */; };
		A2CC876E2B0E04AD001523B1 /* RMLocationView.swift in Sources */ = {isa = PBXBuildFile; fileRef = A2CC876D2B0E04AD001523B1 /* RMLocationView.swift */; };
		A2CC87712B0E0505001523B1 /* RMLocationViewViewModel.swift in Sources */ = {isa = PBXBuildFile; fileRef = A2CC87702B0E0505001523B1 /* RMLocationViewViewModel.swift */; };
		A2CC87752B0E2383001523B1 /* RMGetAllLocationsResponse.swift in Sources */ = {isa = PBXBuildFile; fileRef = A2CC87742B0E2383001523B1 /* RMGetAllLocationsResponse.swift */; };
		A2D76F212AE67D670078E620 /* RMService.swift in Sources */ = {isa = PBXBuildFile; fileRef = A2D76F202AE67D670078E620 /* RMService.swift */; };
		A2D76F232AE67D730078E620 /* RMRequest.swift in Sources */ = {isa = PBXBuildFile; fileRef = A2D76F222AE67D730078E620 /* RMRequest.swift */; };
		A2D76F252AE67DDB0078E620 /* RMEndpoint.swift in Sources */ = {isa = PBXBuildFile; fileRef = A2D76F242AE67DDB0078E620 /* RMEndpoint.swift */; };
		A2D76F272AE68E410078E620 /* RMOrigin.swift in Sources */ = {isa = PBXBuildFile; fileRef = A2D76F262AE68E410078E620 /* RMOrigin.swift */; };
		A2D76F292AE68E580078E620 /* RMSingleLocation.swift in Sources */ = {isa = PBXBuildFile; fileRef = A2D76F282AE68E580078E620 /* RMSingleLocation.swift */; };
		A2D76F2B2AE68E780078E620 /* RMCharacterGender.swift in Sources */ = {isa = PBXBuildFile; fileRef = A2D76F2A2AE68E780078E620 /* RMCharacterGender.swift */; };
		A2D76F2D2AE68FDD0078E620 /* RMCharacterStatus.swift in Sources */ = {isa = PBXBuildFile; fileRef = A2D76F2C2AE68FDD0078E620 /* RMCharacterStatus.swift */; };
		A2DE2AD82B1DF68100BBF191 /* RMSearchResultsViewModel.swift in Sources */ = {isa = PBXBuildFile; fileRef = A2DE2AD72B1DF68100BBF191 /* RMSearchResultsViewModel.swift */; };
		A2DF4BEA2B1490D7003857B0 /* RMLocationDetailViewViewModel.swift in Sources */ = {isa = PBXBuildFile; fileRef = A2DF4BE92B1490D7003857B0 /* RMLocationDetailViewViewModel.swift */; };
		A2E46B2F2B0BF862007DFBC0 /* RMSettingsViewViewModel.swift in Sources */ = {isa = PBXBuildFile; fileRef = A2E46B2E2B0BF862007DFBC0 /* RMSettingsViewViewModel.swift */; };
		A2E46B312B0BF8AC007DFBC0 /* RMSettingsCellViewModel.swift in Sources */ = {isa = PBXBuildFile; fileRef = A2E46B302B0BF8AC007DFBC0 /* RMSettingsCellViewModel.swift */; };
		A2E46B332B0BFA1D007DFBC0 /* RMSettingsOption.swift in Sources */ = {isa = PBXBuildFile; fileRef = A2E46B322B0BFA1D007DFBC0 /* RMSettingsOption.swift */; };
		A2E7E85D2B021BD400A04EB1 /* RMEpisodeListView.swift in Sources */ = {isa = PBXBuildFile; fileRef = A2E7E85C2B021BD400A04EB1 /* RMEpisodeListView.swift */; };
		A2E7E8602B022AFD00A04EB1 /* RMEpisodeListViewViewModel.swift in Sources */ = {isa = PBXBuildFile; fileRef = A2E7E85F2B022AFD00A04EB1 /* RMEpisodeListViewViewModel.swift */; };
		A2E7E8622B02304800A04EB1 /* RMGetAllEpisodesResponse.swift in Sources */ = {isa = PBXBuildFile; fileRef = A2E7E8612B02304800A04EB1 /* RMGetAllEpisodesResponse.swift */; };
		A2E7E8662B023F5200A04EB1 /* RMSearchViewController.swift in Sources */ = {isa = PBXBuildFile; fileRef = A2E7E8652B023F5200A04EB1 /* RMSearchViewController.swift */; };
		A2EB6FFE2B04A1AF00BE6DFC /* RMEpisodeInfoCollectionViewCell.swift in Sources */ = {isa = PBXBuildFile; fileRef = A2EB6FFD2B04A1AF00BE6DFC /* RMEpisodeInfoCollectionViewCell.swift */; };
		A2EB70002B04A1FD00BE6DFC /* RMEpisodeInfoCollectionViewCellViewModel.swift in Sources */ = {isa = PBXBuildFile; fileRef = A2EB6FFF2B04A1FD00BE6DFC /* RMEpisodeInfoCollectionViewCellViewModel.swift */; };
		A2F4F3682AE2AE0700F142B6 /* RMEpisode.swift in Sources */ = {isa = PBXBuildFile; fileRef = A2F4F3672AE2AE0700F142B6 /* RMEpisode.swift */; };
		A2F4F36A2AE2AE0F00F142B6 /* RMCharacter.swift in Sources */ = {isa = PBXBuildFile; fileRef = A2F4F3692AE2AE0F00F142B6 /* RMCharacter.swift */; };
		A2F4F36C2AE2AE1B00F142B6 /* RMLocation.swift in Sources */ = {isa = PBXBuildFile; fileRef = A2F4F36B2AE2AE1B00F142B6 /* RMLocation.swift */; };
		A2F4F36F2AE2AED200F142B6 /* RMCharacterViewController.swift in Sources */ = {isa = PBXBuildFile; fileRef = A2F4F36E2AE2AED200F142B6 /* RMCharacterViewController.swift */; };
		A2F4F3712AE2AEE200F142B6 /* RMLocationViewController.swift in Sources */ = {isa = PBXBuildFile; fileRef = A2F4F3702AE2AEE200F142B6 /* RMLocationViewController.swift */; };
		A2F4F3732AE2AEFC00F142B6 /* RMEpisodeViewController.swift in Sources */ = {isa = PBXBuildFile; fileRef = A2F4F3722AE2AEFC00F142B6 /* RMEpisodeViewController.swift */; };
		A2F4F3752AE2AF0800F142B6 /* RMSettingsViewController.swift in Sources */ = {isa = PBXBuildFile; fileRef = A2F4F3742AE2AF0800F142B6 /* RMSettingsViewController.swift */; };
/* End PBXBuildFile section */

/* Begin PBXFileReference section */
		A210D88C2AE13CF500214548 /* Rick&Morty.app */ = {isa = PBXFileReference; explicitFileType = wrapper.application; includeInIndex = 0; path = "Rick&Morty.app"; sourceTree = BUILT_PRODUCTS_DIR; };
		A210D88F2AE13CF500214548 /* AppDelegate.swift */ = {isa = PBXFileReference; lastKnownFileType = sourcecode.swift; path = AppDelegate.swift; sourceTree = "<group>"; };
		A210D8912AE13CF500214548 /* SceneDelegate.swift */ = {isa = PBXFileReference; lastKnownFileType = sourcecode.swift; path = SceneDelegate.swift; sourceTree = "<group>"; };
		A210D8932AE13CF500214548 /* RMTabBarController.swift */ = {isa = PBXFileReference; lastKnownFileType = sourcecode.swift; path = RMTabBarController.swift; sourceTree = "<group>"; };
		A210D8982AE13CF600214548 /* Assets.xcassets */ = {isa = PBXFileReference; lastKnownFileType = folder.assetcatalog; path = Assets.xcassets; sourceTree = "<group>"; };
		A210D89B2AE13CF600214548 /* Base */ = {isa = PBXFileReference; lastKnownFileType = file.storyboard; name = Base; path = Base.lproj/LaunchScreen.storyboard; sourceTree = "<group>"; };
		A210D89D2AE13CF600214548 /* Info.plist */ = {isa = PBXFileReference; lastKnownFileType = text.plist.xml; path = Info.plist; sourceTree = "<group>"; };
		A21533C72AEFD1410042E0BA /* RMFooterLoadingCollectionReusableView.swift */ = {isa = PBXFileReference; lastKnownFileType = sourcecode.swift; path = RMFooterLoadingCollectionReusableView.swift; sourceTree = "<group>"; };
		A215D7732AE7B36D006A045B /* RMGetAllCharacterResponse.swift */ = {isa = PBXFileReference; lastKnownFileType = sourcecode.swift; path = RMGetAllCharacterResponse.swift; sourceTree = "<group>"; };
		A21A21922AF92D98002420D0 /* RMCharacterPhotoCollectionViewCell.swift */ = {isa = PBXFileReference; lastKnownFileType = sourcecode.swift; path = RMCharacterPhotoCollectionViewCell.swift; sourceTree = "<group>"; };
		A21A21942AF92DA8002420D0 /* RMCharacterInfoCollectionViewCell.swift */ = {isa = PBXFileReference; lastKnownFileType = sourcecode.swift; path = RMCharacterInfoCollectionViewCell.swift; sourceTree = "<group>"; };
		A21A21962AF92DC1002420D0 /* RMCharacterEpisodeCollectionViewCell.swift */ = {isa = PBXFileReference; lastKnownFileType = sourcecode.swift; path = RMCharacterEpisodeCollectionViewCell.swift; sourceTree = "<group>"; };
		A21A219A2AF92E78002420D0 /* RMCharacterPhotoCollectionViewCellViewModel.swift */ = {isa = PBXFileReference; lastKnownFileType = sourcecode.swift; path = RMCharacterPhotoCollectionViewCellViewModel.swift; sourceTree = "<group>"; };
		A21A219C2AF92E98002420D0 /* RMCharacterInfoCollectionViewCellViewModel.swift */ = {isa = PBXFileReference; lastKnownFileType = sourcecode.swift; path = RMCharacterInfoCollectionViewCellViewModel.swift; sourceTree = "<group>"; };
		A21A219E2AF92EDD002420D0 /* RMCharacterEpisodeCollectionViewCellViewModel.swift */ = {isa = PBXFileReference; lastKnownFileType = sourcecode.swift; path = RMCharacterEpisodeCollectionViewCellViewModel.swift; sourceTree = "<group>"; };
		A227870A2AF40AF700EC79F1 /* RMImageLoader.swift */ = {isa = PBXFileReference; lastKnownFileType = sourcecode.swift; path = RMImageLoader.swift; sourceTree = "<group>"; };
		A23A6DFB2B26F8A000982EEA /* RMSearchResultsView.swift */ = {isa = PBXFileReference; lastKnownFileType = sourcecode.swift; path = RMSearchResultsView.swift; sourceTree = "<group>"; };
		A24DA2EC2B15CA9B00D1AAF4 /* RMSearchView.swift */ = {isa = PBXFileReference; lastKnownFileType = sourcecode.swift; path = RMSearchView.swift; sourceTree = "<group>"; };
		A24DA2EF2B15CABC00D1AAF4 /* RMSearchViewViewModel.swift */ = {isa = PBXFileReference; lastKnownFileType = sourcecode.swift; path = RMSearchViewViewModel.swift; sourceTree = "<group>"; };
		A24DA2F12B15CD9B00D1AAF4 /* RMNoSearchResultsView.swift */ = {isa = PBXFileReference; lastKnownFileType = sourcecode.swift; path = RMNoSearchResultsView.swift; sourceTree = "<group>"; };
		A24DA2F32B15CDB000D1AAF4 /* RMNoSearchResultsViewViewModel.swift */ = {isa = PBXFileReference; lastKnownFileType = sourcecode.swift; path = RMNoSearchResultsViewViewModel.swift; sourceTree = "<group>"; };
		A24DA2F52B15CDCD00D1AAF4 /* RMSearchInputView.swift */ = {isa = PBXFileReference; lastKnownFileType = sourcecode.swift; path = RMSearchInputView.swift; sourceTree = "<group>"; };
		A24DA2F72B15CDD500D1AAF4 /* RMSearchInputViewViewModel.swift */ = {isa = PBXFileReference; lastKnownFileType = sourcecode.swift; path = RMSearchInputViewViewModel.swift; sourceTree = "<group>"; };
		A26015CA2AE905BD005B7452 /* RMCharacterListViewViewModel.swift */ = {isa = PBXFileReference; lastKnownFileType = sourcecode.swift; path = RMCharacterListViewViewModel.swift; sourceTree = "<group>"; };
		A26015CC2AE907CD005B7452 /* RMCharacterListView.swift */ = {isa = PBXFileReference; lastKnownFileType = sourcecode.swift; path = RMCharacterListView.swift; sourceTree = "<group>"; };
		A271D0FA2B0F421000FEB42B /* RMLocationDetailView.swift */ = {isa = PBXFileReference; lastKnownFileType = sourcecode.swift; path = RMLocationDetailView.swift; sourceTree = "<group>"; };
		A271D0FC2B0F4A2700FEB42B /* RMLocationDetailViewController.swift */ = {isa = PBXFileReference; lastKnownFileType = sourcecode.swift; path = RMLocationDetailViewController.swift; sourceTree = "<group>"; };
		A27840E62AFCE834001A4FF1 /* RMEpisodeDetailViewController.swift */ = {isa = PBXFileReference; lastKnownFileType = sourcecode.swift; path = RMEpisodeDetailViewController.swift; sourceTree = "<group>"; };
		A292E13D2B187F8100696A12 /* RMSearchOptionPickerViewController.swift */ = {isa = PBXFileReference; lastKnownFileType = sourcecode.swift; path = RMSearchOptionPickerViewController.swift; sourceTree = "<group>"; };
		A29D1BF42AFFE673003487EA /* RMAPICacheManager.swift */ = {isa = PBXFileReference; lastKnownFileType = sourcecode.swift; path = RMAPICacheManager.swift; sourceTree = "<group>"; };
		A29D1BF62AFFEDA9003487EA /* RMEpisodeDetailView.swift */ = {isa = PBXFileReference; lastKnownFileType = sourcecode.swift; path = RMEpisodeDetailView.swift; sourceTree = "<group>"; };
		A29D1BF82AFFEDE1003487EA /* RMEpisodeDetailViewViewModel.swift */ = {isa = PBXFileReference; lastKnownFileType = sourcecode.swift; path = RMEpisodeDetailViewViewModel.swift; sourceTree = "<group>"; };
		A2A0BDF52B0E4F7C00538EAF /* RMLocationTableViewCell.swift */ = {isa = PBXFileReference; lastKnownFileType = sourcecode.swift; path = RMLocationTableViewCell.swift; sourceTree = "<group>"; };
		A2A0BDF72B0E50A900538EAF /* RMLocationTableViewCellViewModel.swift */ = {isa = PBXFileReference; lastKnownFileType = sourcecode.swift; path = RMLocationTableViewCellViewModel.swift; sourceTree = "<group>"; };
		A2AB87362AEFA6730063EEDA /* RMCharacterDetailViewController.swift */ = {isa = PBXFileReference; lastKnownFileType = sourcecode.swift; path = RMCharacterDetailViewController.swift; sourceTree = "<group>"; };
		A2AB87382AEFA6CA0063EEDA /* RMCharacterDetailView.swift */ = {isa = PBXFileReference; lastKnownFileType = sourcecode.swift; path = RMCharacterDetailView.swift; sourceTree = "<group>"; };
		A2AB873A2AEFA6EC0063EEDA /* RMCharacterDetailViewViewModel.swift */ = {isa = PBXFileReference; lastKnownFileType = sourcecode.swift; path = RMCharacterDetailViewViewModel.swift; sourceTree = "<group>"; };
		A2B874C22AE917E3006E57AD /* RMCharacterCollectionViewCell.swift */ = {isa = PBXFileReference; lastKnownFileType = sourcecode.swift; path = RMCharacterCollectionViewCell.swift; sourceTree = "<group>"; };
		A2B874C42AE91910006E57AD /* RMCharacterCollectionViewCellViewModel.swift */ = {isa = PBXFileReference; lastKnownFileType = sourcecode.swift; path = RMCharacterCollectionViewCellViewModel.swift; sourceTree = "<group>"; };
		A2BF47BD2B0CC5E9004E1D6C /* RMSettingsView.swift */ = {isa = PBXFileReference; lastKnownFileType = sourcecode.swift; path = RMSettingsView.swift; sourceTree = "<group>"; };
		A2CC876D2B0E04AD001523B1 /* RMLocationView.swift */ = {isa = PBXFileReference; lastKnownFileType = sourcecode.swift; path = RMLocationView.swift; sourceTree = "<group>"; };
		A2CC87702B0E0505001523B1 /* RMLocationViewViewModel.swift */ = {isa = PBXFileReference; lastKnownFileType = sourcecode.swift; path = RMLocationViewViewModel.swift; sourceTree = "<group>"; };
		A2CC87742B0E2383001523B1 /* RMGetAllLocationsResponse.swift */ = {isa = PBXFileReference; lastKnownFileType = sourcecode.swift; path = RMGetAllLocationsResponse.swift; sourceTree = "<group>"; };
		A2D76F202AE67D670078E620 /* RMService.swift */ = {isa = PBXFileReference; lastKnownFileType = sourcecode.swift; path = RMService.swift; sourceTree = "<group>"; };
		A2D76F222AE67D730078E620 /* RMRequest.swift */ = {isa = PBXFileReference; lastKnownFileType = sourcecode.swift; path = RMRequest.swift; sourceTree = "<group>"; };
		A2D76F242AE67DDB0078E620 /* RMEndpoint.swift */ = {isa = PBXFileReference; lastKnownFileType = sourcecode.swift; path = RMEndpoint.swift; sourceTree = "<group>"; };
		A2D76F262AE68E410078E620 /* RMOrigin.swift */ = {isa = PBXFileReference; lastKnownFileType = sourcecode.swift; path = RMOrigin.swift; sourceTree = "<group>"; };
		A2D76F282AE68E580078E620 /* RMSingleLocation.swift */ = {isa = PBXFileReference; lastKnownFileType = sourcecode.swift; path = RMSingleLocation.swift; sourceTree = "<group>"; };
		A2D76F2A2AE68E780078E620 /* RMCharacterGender.swift */ = {isa = PBXFileReference; lastKnownFileType = sourcecode.swift; path = RMCharacterGender.swift; sourceTree = "<group>"; };
		A2D76F2C2AE68FDD0078E620 /* RMCharacterStatus.swift */ = {isa = PBXFileReference; lastKnownFileType = sourcecode.swift; path = RMCharacterStatus.swift; sourceTree = "<group>"; };
		A2DE2AD72B1DF68100BBF191 /* RMSearchResultsViewModel.swift */ = {isa = PBXFileReference; lastKnownFileType = sourcecode.swift; path = RMSearchResultsViewModel.swift; sourceTree = "<group>"; };
		A2DF4BE92B1490D7003857B0 /* RMLocationDetailViewViewModel.swift */ = {isa = PBXFileReference; lastKnownFileType = sourcecode.swift; path = RMLocationDetailViewViewModel.swift; sourceTree = "<group>"; };
		A2E46B2E2B0BF862007DFBC0 /* RMSettingsViewViewModel.swift */ = {isa = PBXFileReference; lastKnownFileType = sourcecode.swift; path = RMSettingsViewViewModel.swift; sourceTree = "<group>"; };
		A2E46B302B0BF8AC007DFBC0 /* RMSettingsCellViewModel.swift */ = {isa = PBXFileReference; lastKnownFileType = sourcecode.swift; path = RMSettingsCellViewModel.swift; sourceTree = "<group>"; };
		A2E46B322B0BFA1D007DFBC0 /* RMSettingsOption.swift */ = {isa = PBXFileReference; lastKnownFileType = sourcecode.swift; path = RMSettingsOption.swift; sourceTree = "<group>"; };
		A2E7E85C2B021BD400A04EB1 /* RMEpisodeListView.swift */ = {isa = PBXFileReference; lastKnownFileType = sourcecode.swift; path = RMEpisodeListView.swift; sourceTree = "<group>"; };
		A2E7E85F2B022AFD00A04EB1 /* RMEpisodeListViewViewModel.swift */ = {isa = PBXFileReference; lastKnownFileType = sourcecode.swift; path = RMEpisodeListViewViewModel.swift; sourceTree = "<group>"; };
		A2E7E8612B02304800A04EB1 /* RMGetAllEpisodesResponse.swift */ = {isa = PBXFileReference; lastKnownFileType = sourcecode.swift; path = RMGetAllEpisodesResponse.swift; sourceTree = "<group>"; };
		A2E7E8652B023F5200A04EB1 /* RMSearchViewController.swift */ = {isa = PBXFileReference; lastKnownFileType = sourcecode.swift; path = RMSearchViewController.swift; sourceTree = "<group>"; };
		A2EB6FFD2B04A1AF00BE6DFC /* RMEpisodeInfoCollectionViewCell.swift */ = {isa = PBXFileReference; lastKnownFileType = sourcecode.swift; path = RMEpisodeInfoCollectionViewCell.swift; sourceTree = "<group>"; };
		A2EB6FFF2B04A1FD00BE6DFC /* RMEpisodeInfoCollectionViewCellViewModel.swift */ = {isa = PBXFileReference; lastKnownFileType = sourcecode.swift; path = RMEpisodeInfoCollectionViewCellViewModel.swift; sourceTree = "<group>"; };
		A2F4F3672AE2AE0700F142B6 /* RMEpisode.swift */ = {isa = PBXFileReference; lastKnownFileType = sourcecode.swift; path = RMEpisode.swift; sourceTree = "<group>"; };
		A2F4F3692AE2AE0F00F142B6 /* RMCharacter.swift */ = {isa = PBXFileReference; lastKnownFileType = sourcecode.swift; path = RMCharacter.swift; sourceTree = "<group>"; };
		A2F4F36B2AE2AE1B00F142B6 /* RMLocation.swift */ = {isa = PBXFileReference; lastKnownFileType = sourcecode.swift; path = RMLocation.swift; sourceTree = "<group>"; };
		A2F4F36E2AE2AED200F142B6 /* RMCharacterViewController.swift */ = {isa = PBXFileReference; lastKnownFileType = sourcecode.swift; path = RMCharacterViewController.swift; sourceTree = "<group>"; };
		A2F4F3702AE2AEE200F142B6 /* RMLocationViewController.swift */ = {isa = PBXFileReference; lastKnownFileType = sourcecode.swift; path = RMLocationViewController.swift; sourceTree = "<group>"; };
		A2F4F3722AE2AEFC00F142B6 /* RMEpisodeViewController.swift */ = {isa = PBXFileReference; lastKnownFileType = sourcecode.swift; path = RMEpisodeViewController.swift; sourceTree = "<group>"; };
		A2F4F3742AE2AF0800F142B6 /* RMSettingsViewController.swift */ = {isa = PBXFileReference; lastKnownFileType = sourcecode.swift; path = RMSettingsViewController.swift; sourceTree = "<group>"; };
/* End PBXFileReference section */

/* Begin PBXFrameworksBuildPhase section */
		A210D8892AE13CF500214548 /* Frameworks */ = {
			isa = PBXFrameworksBuildPhase;
			buildActionMask = 2147483647;
			files = (
			);
			runOnlyForDeploymentPostprocessing = 0;
		};
/* End PBXFrameworksBuildPhase section */

/* Begin PBXGroup section */
		A210D8832AE13CF500214548 = {
			isa = PBXGroup;
			children = (
				A210D88E2AE13CF500214548 /* Rick&Morty */,
				A210D88D2AE13CF500214548 /* Products */,
			);
			sourceTree = "<group>";
		};
		A210D88D2AE13CF500214548 /* Products */ = {
			isa = PBXGroup;
			children = (
				A210D88C2AE13CF500214548 /* Rick&Morty.app */,
			);
			name = Products;
			sourceTree = "<group>";
		};
		A210D88E2AE13CF500214548 /* Rick&Morty */ = {
			isa = PBXGroup;
			children = (
				A2F4F3662AE2ADA200F142B6 /* Resources */,
				A2F4F3642AE2AD9000F142B6 /* Managers */,
				A2F4F3632AE2AD8900F142B6 /* APIClient */,
				A2F4F3622AE2AD8300F142B6 /* ViewModels */,
				A2F4F3612AE2AD7B00F142B6 /* Views */,
				A2F4F3602AE2AD7700F142B6 /* Models */,
				A2F4F35F2AE2AD7200F142B6 /* Controllers */,
				A210D89D2AE13CF600214548 /* Info.plist */,
			);
			path = "Rick&Morty";
			sourceTree = "<group>";
		};
		A2130ABE2B03F63B00A334BC /* Search */ = {
			isa = PBXGroup;
			children = (
				A2E7E8652B023F5200A04EB1 /* RMSearchViewController.swift */,
				A292E13D2B187F8100696A12 /* RMSearchOptionPickerViewController.swift */,
			);
			path = Search;
			sourceTree = "<group>";
		};
		A215D7712AE7B335006A045B /* DataTypes */ = {
			isa = PBXGroup;
			children = (
				A2F4F3672AE2AE0700F142B6 /* RMEpisode.swift */,
				A2F4F3692AE2AE0F00F142B6 /* RMCharacter.swift */,
				A2F4F36B2AE2AE1B00F142B6 /* RMLocation.swift */,
				A2D76F262AE68E410078E620 /* RMOrigin.swift */,
				A2D76F282AE68E580078E620 /* RMSingleLocation.swift */,
				A2D76F2A2AE68E780078E620 /* RMCharacterGender.swift */,
				A2D76F2C2AE68FDD0078E620 /* RMCharacterStatus.swift */,
			);
			path = DataTypes;
			sourceTree = "<group>";
		};
		A215D7722AE7B347006A045B /* APIResponseTypes */ = {
			isa = PBXGroup;
			children = (
				A215D7732AE7B36D006A045B /* RMGetAllCharacterResponse.swift */,
				A2E7E8612B02304800A04EB1 /* RMGetAllEpisodesResponse.swift */,
				A2CC87742B0E2383001523B1 /* RMGetAllLocationsResponse.swift */,
			);
			path = APIResponseTypes;
			sourceTree = "<group>";
		};
		A21A21902AF92D60002420D0 /* Character */ = {
			isa = PBXGroup;
			children = (
				A2E7E8632B02399200A04EB1 /* Cells */,
				A26015CC2AE907CD005B7452 /* RMCharacterListView.swift */,
			);
			path = Character;
			sourceTree = "<group>";
		};
		A21A21912AF92D66002420D0 /* CharacterDetails */ = {
			isa = PBXGroup;
			children = (
				A2AB87382AEFA6CA0063EEDA /* RMCharacterDetailView.swift */,
				A21A21982AF92DE1002420D0 /* Cells */,
			);
			path = CharacterDetails;
			sourceTree = "<group>";
		};
		A21A21982AF92DE1002420D0 /* Cells */ = {
			isa = PBXGroup;
			children = (
				A21A21922AF92D98002420D0 /* RMCharacterPhotoCollectionViewCell.swift */,
				A21A21942AF92DA8002420D0 /* RMCharacterInfoCollectionViewCell.swift */,
				A21A21962AF92DC1002420D0 /* RMCharacterEpisodeCollectionViewCell.swift */,
			);
			path = Cells;
			sourceTree = "<group>";
		};
		A21A21992AF92E4A002420D0 /* CharacterDetails */ = {
			isa = PBXGroup;
			children = (
				A2AB873A2AEFA6EC0063EEDA /* RMCharacterDetailViewViewModel.swift */,
				A21A219A2AF92E78002420D0 /* RMCharacterPhotoCollectionViewCellViewModel.swift */,
				A21A219C2AF92E98002420D0 /* RMCharacterInfoCollectionViewCellViewModel.swift */,
				A21A219E2AF92EDD002420D0 /* RMCharacterEpisodeCollectionViewCellViewModel.swift */,
			);
			path = CharacterDetails;
			sourceTree = "<group>";
		};
		A24DA2EB2B15CA7500D1AAF4 /* Search */ = {
			isa = PBXGroup;
			children = (
				A24DA2EC2B15CA9B00D1AAF4 /* RMSearchView.swift */,
				A24DA2F12B15CD9B00D1AAF4 /* RMNoSearchResultsView.swift */,
				A24DA2F52B15CDCD00D1AAF4 /* RMSearchInputView.swift */,
				A23A6DFB2B26F8A000982EEA /* RMSearchResultsView.swift */,
			);
			path = Search;
			sourceTree = "<group>";
		};
		A24DA2EE2B15CAAC00D1AAF4 /* Search */ = {
			isa = PBXGroup;
			children = (
				A24DA2EF2B15CABC00D1AAF4 /* RMSearchViewViewModel.swift */,
				A24DA2F32B15CDB000D1AAF4 /* RMNoSearchResultsViewViewModel.swift */,
				A24DA2F72B15CDD500D1AAF4 /* RMSearchInputViewViewModel.swift */,
				A2DE2AD72B1DF68100BBF191 /* RMSearchResultsViewModel.swift */,
			);
			path = Search;
			sourceTree = "<group>";
		};
		A271D0F92B0F41EB00FEB42B /* LocationDetails */ = {
			isa = PBXGroup;
			children = (
				A271D0FA2B0F421000FEB42B /* RMLocationDetailView.swift */,
			);
			path = LocationDetails;
			sourceTree = "<group>";
		};
		A2A0BDF92B0E576E00538EAF /* Character */ = {
			isa = PBXGroup;
			children = (
				A26015CA2AE905BD005B7452 /* RMCharacterListViewViewModel.swift */,
				A2B874C42AE91910006E57AD /* RMCharacterCollectionViewCellViewModel.swift */,
			);
			path = Character;
			sourceTree = "<group>";
		};
		A2AB87352AEFA6580063EEDA /* Other */ = {
			isa = PBXGroup;
			children = (
				A2130ABE2B03F63B00A334BC /* Search */,
				A2AB87362AEFA6730063EEDA /* RMCharacterDetailViewController.swift */,
				A27840E62AFCE834001A4FF1 /* RMEpisodeDetailViewController.swift */,
				A271D0FC2B0F4A2700FEB42B /* RMLocationDetailViewController.swift */,
			);
			path = Other;
			sourceTree = "<group>";
		};
		A2BF47BA2B0CC5CD004E1D6C /* SwiftUI */ = {
			isa = PBXGroup;
			children = (
				A2BF47BD2B0CC5E9004E1D6C /* RMSettingsView.swift */,
			);
			path = SwiftUI;
			sourceTree = "<group>";
		};
		A2CC876C2B0E049B001523B1 /* Location */ = {
			isa = PBXGroup;
			children = (
				A2CC876D2B0E04AD001523B1 /* RMLocationView.swift */,
				A2A0BDF52B0E4F7C00538EAF /* RMLocationTableViewCell.swift */,
			);
			path = Location;
			sourceTree = "<group>";
		};
		A2CC876F2B0E04DA001523B1 /* Location */ = {
			isa = PBXGroup;
			children = (
				A2CC87702B0E0505001523B1 /* RMLocationViewViewModel.swift */,
				A2A0BDF72B0E50A900538EAF /* RMLocationTableViewCellViewModel.swift */,
				A2DF4BE92B1490D7003857B0 /* RMLocationDetailViewViewModel.swift */,
			);
			path = Location;
			sourceTree = "<group>";
		};
		A2E46B2D2B0BF855007DFBC0 /* Settings */ = {
			isa = PBXGroup;
			children = (
				A2E46B2E2B0BF862007DFBC0 /* RMSettingsViewViewModel.swift */,
				A2E46B302B0BF8AC007DFBC0 /* RMSettingsCellViewModel.swift */,
				A2E46B322B0BFA1D007DFBC0 /* RMSettingsOption.swift */,
			);
			path = Settings;
			sourceTree = "<group>";
		};
		A2E7E85B2B021BC100A04EB1 /* Episode */ = {
			isa = PBXGroup;
			children = (
				A2E7E85C2B021BD400A04EB1 /* RMEpisodeListView.swift */,
			);
			path = Episode;
			sourceTree = "<group>";
		};
		A2E7E85E2B021BDD00A04EB1 /* EpisodeDetails */ = {
			isa = PBXGroup;
			children = (
				A29D1BF62AFFEDA9003487EA /* RMEpisodeDetailView.swift */,
				A2EB6FFD2B04A1AF00BE6DFC /* RMEpisodeInfoCollectionViewCell.swift */,
			);
			path = EpisodeDetails;
			sourceTree = "<group>";
		};
		A2E7E8632B02399200A04EB1 /* Cells */ = {
			isa = PBXGroup;
			children = (
				A2B874C22AE917E3006E57AD /* RMCharacterCollectionViewCell.swift */,
			);
			path = Cells;
			sourceTree = "<group>";
		};
		A2E7E8642B0239DA00A04EB1 /* EpisodeDetails */ = {
			isa = PBXGroup;
			children = (
				A29D1BF82AFFEDE1003487EA /* RMEpisodeDetailViewViewModel.swift */,
				A2EB6FFF2B04A1FD00BE6DFC /* RMEpisodeInfoCollectionViewCellViewModel.swift */,
			);
			path = EpisodeDetails;
			sourceTree = "<group>";
		};
		A2F4F35F2AE2AD7200F142B6 /* Controllers */ = {
			isa = PBXGroup;
			children = (
				A2AB87352AEFA6580063EEDA /* Other */,
				A2F4F36D2AE2AEA800F142B6 /* Core */,
			);
			path = Controllers;
			sourceTree = "<group>";
		};
		A2F4F3602AE2AD7700F142B6 /* Models */ = {
			isa = PBXGroup;
			children = (
				A215D7722AE7B347006A045B /* APIResponseTypes */,
				A215D7712AE7B335006A045B /* DataTypes */,
			);
			path = Models;
			sourceTree = "<group>";
		};
		A2F4F3612AE2AD7B00F142B6 /* Views */ = {
			isa = PBXGroup;
			children = (
				A24DA2EB2B15CA7500D1AAF4 /* Search */,
				A271D0F92B0F41EB00FEB42B /* LocationDetails */,
				A2CC876C2B0E049B001523B1 /* Location */,
				A2BF47BA2B0CC5CD004E1D6C /* SwiftUI */,
				A2E7E85E2B021BDD00A04EB1 /* EpisodeDetails */,
				A2E7E85B2B021BC100A04EB1 /* Episode */,
				A21A21912AF92D66002420D0 /* CharacterDetails */,
				A21A21902AF92D60002420D0 /* Character */,
				A21533C72AEFD1410042E0BA /* RMFooterLoadingCollectionReusableView.swift */,
			);
			path = Views;
			sourceTree = "<group>";
		};
		A2F4F3622AE2AD8300F142B6 /* ViewModels */ = {
			isa = PBXGroup;
			children = (
				A24DA2EE2B15CAAC00D1AAF4 /* Search */,
				A2A0BDF92B0E576E00538EAF /* Character */,
				A2CC876F2B0E04DA001523B1 /* Location */,
				A2E46B2D2B0BF855007DFBC0 /* Settings */,
				A2E7E8642B0239DA00A04EB1 /* EpisodeDetails */,
				A21A21992AF92E4A002420D0 /* CharacterDetails */,
				A2E7E85F2B022AFD00A04EB1 /* RMEpisodeListViewViewModel.swift */,
			);
			path = ViewModels;
			sourceTree = "<group>";
		};
		A2F4F3632AE2AD8900F142B6 /* APIClient */ = {
			isa = PBXGroup;
			children = (
				A2D76F202AE67D670078E620 /* RMService.swift */,
				A2D76F222AE67D730078E620 /* RMRequest.swift */,
				A2D76F242AE67DDB0078E620 /* RMEndpoint.swift */,
			);
			path = APIClient;
			sourceTree = "<group>";
		};
		A2F4F3642AE2AD9000F142B6 /* Managers */ = {
			isa = PBXGroup;
			children = (
				A227870A2AF40AF700EC79F1 /* RMImageLoader.swift */,
				A29D1BF42AFFE673003487EA /* RMAPICacheManager.swift */,
			);
			path = Managers;
			sourceTree = "<group>";
		};
		A2F4F3662AE2ADA200F142B6 /* Resources */ = {
			isa = PBXGroup;
			children = (
				A210D88F2AE13CF500214548 /* AppDelegate.swift */,
				A210D8912AE13CF500214548 /* SceneDelegate.swift */,
				A210D8982AE13CF600214548 /* Assets.xcassets */,
				A210D89A2AE13CF600214548 /* LaunchScreen.storyboard */,
			);
			path = Resources;
			sourceTree = "<group>";
		};
		A2F4F36D2AE2AEA800F142B6 /* Core */ = {
			isa = PBXGroup;
			children = (
				A210D8932AE13CF500214548 /* RMTabBarController.swift */,
				A2F4F36E2AE2AED200F142B6 /* RMCharacterViewController.swift */,
				A2F4F3702AE2AEE200F142B6 /* RMLocationViewController.swift */,
				A2F4F3722AE2AEFC00F142B6 /* RMEpisodeViewController.swift */,
				A2F4F3742AE2AF0800F142B6 /* RMSettingsViewController.swift */,
			);
			path = Core;
			sourceTree = "<group>";
		};
/* End PBXGroup section */

/* Begin PBXNativeTarget section */
		A210D88B2AE13CF500214548 /* Rick&Morty */ = {
			isa = PBXNativeTarget;
			buildConfigurationList = A210D8A02AE13CF600214548 /* Build configuration list for PBXNativeTarget "Rick&Morty" */;
			buildPhases = (
				A210D8882AE13CF500214548 /* Sources */,
				A210D8892AE13CF500214548 /* Frameworks */,
				A210D88A2AE13CF500214548 /* Resources */,
			);
			buildRules = (
			);
			dependencies = (
			);
			name = "Rick&Morty";
			productName = "Rick&Morty";
			productReference = A210D88C2AE13CF500214548 /* Rick&Morty.app */;
			productType = "com.apple.product-type.application";
		};
/* End PBXNativeTarget section */

/* Begin PBXProject section */
		A210D8842AE13CF500214548 /* Project object */ = {
			isa = PBXProject;
			attributes = {
				BuildIndependentTargetsInParallel = 1;
				LastSwiftUpdateCheck = 1500;
				LastUpgradeCheck = 1500;
				TargetAttributes = {
					A210D88B2AE13CF500214548 = {
						CreatedOnToolsVersion = 15.0;
					};
				};
			};
			buildConfigurationList = A210D8872AE13CF500214548 /* Build configuration list for PBXProject "Rick&Morty" */;
			compatibilityVersion = "Xcode 14.0";
			developmentRegion = en;
			hasScannedForEncodings = 0;
			knownRegions = (
				en,
				Base,
			);
			mainGroup = A210D8832AE13CF500214548;
			productRefGroup = A210D88D2AE13CF500214548 /* Products */;
			projectDirPath = "";
			projectRoot = "";
			targets = (
				A210D88B2AE13CF500214548 /* Rick&Morty */,
			);
		};
/* End PBXProject section */

/* Begin PBXResourcesBuildPhase section */
		A210D88A2AE13CF500214548 /* Resources */ = {
			isa = PBXResourcesBuildPhase;
			buildActionMask = 2147483647;
			files = (
				A210D89C2AE13CF600214548 /* LaunchScreen.storyboard in Resources */,
				A210D8992AE13CF600214548 /* Assets.xcassets in Resources */,
			);
			runOnlyForDeploymentPostprocessing = 0;
		};
/* End PBXResourcesBuildPhase section */

/* Begin PBXSourcesBuildPhase section */
		A210D8882AE13CF500214548 /* Sources */ = {
			isa = PBXSourcesBuildPhase;
			buildActionMask = 2147483647;
			files = (
				A21A219B2AF92E78002420D0 /* RMCharacterPhotoCollectionViewCellViewModel.swift in Sources */,
				A21533C82AEFD1410042E0BA /* RMFooterLoadingCollectionReusableView.swift in Sources */,
				A2CC876E2B0E04AD001523B1 /* RMLocationView.swift in Sources */,
				A2DE2AD82B1DF68100BBF191 /* RMSearchResultsViewModel.swift in Sources */,
				A2E46B332B0BFA1D007DFBC0 /* RMSettingsOption.swift in Sources */,
				A2E7E8662B023F5200A04EB1 /* RMSearchViewController.swift in Sources */,
				A2E46B312B0BF8AC007DFBC0 /* RMSettingsCellViewModel.swift in Sources */,
				A215D7742AE7B36D006A045B /* RMGetAllCharacterResponse.swift in Sources */,
				A2D76F272AE68E410078E620 /* RMOrigin.swift in Sources */,
				A2E7E8622B02304800A04EB1 /* RMGetAllEpisodesResponse.swift in Sources */,
				A2CC87752B0E2383001523B1 /* RMGetAllLocationsResponse.swift in Sources */,
				A2B874C52AE91910006E57AD /* RMCharacterCollectionViewCellViewModel.swift in Sources */,
				A2D76F292AE68E580078E620 /* RMSingleLocation.swift in Sources */,
				A2F4F3712AE2AEE200F142B6 /* RMLocationViewController.swift in Sources */,
				A21A219F2AF92EDD002420D0 /* RMCharacterEpisodeCollectionViewCellViewModel.swift in Sources */,
				A27840E72AFCE834001A4FF1 /* RMEpisodeDetailViewController.swift in Sources */,
				A2E46B2F2B0BF862007DFBC0 /* RMSettingsViewViewModel.swift in Sources */,
				A2D76F2B2AE68E780078E620 /* RMCharacterGender.swift in Sources */,
				A2CC87712B0E0505001523B1 /* RMLocationViewViewModel.swift in Sources */,
				A24DA2F02B15CABC00D1AAF4 /* RMSearchViewViewModel.swift in Sources */,
				A210D8942AE13CF500214548 /* RMTabBarController.swift in Sources */,
				A2F4F36C2AE2AE1B00F142B6 /* RMLocation.swift in Sources */,
				A2AB87392AEFA6CA0063EEDA /* RMCharacterDetailView.swift in Sources */,
				A2E7E85D2B021BD400A04EB1 /* RMEpisodeListView.swift in Sources */,
				A29D1BF52AFFE673003487EA /* RMAPICacheManager.swift in Sources */,
				A271D0FD2B0F4A2700FEB42B /* RMLocationDetailViewController.swift in Sources */,
				A2EB6FFE2B04A1AF00BE6DFC /* RMEpisodeInfoCollectionViewCell.swift in Sources */,
				A24DA2F42B15CDB000D1AAF4 /* RMNoSearchResultsViewViewModel.swift in Sources */,
				A2AB873B2AEFA6EC0063EEDA /* RMCharacterDetailViewViewModel.swift in Sources */,
				A24DA2F22B15CD9B00D1AAF4 /* RMNoSearchResultsView.swift in Sources */,
				A2EB70002B04A1FD00BE6DFC /* RMEpisodeInfoCollectionViewCellViewModel.swift in Sources */,
				A2F4F3732AE2AEFC00F142B6 /* RMEpisodeViewController.swift in Sources */,
				A210D8902AE13CF500214548 /* AppDelegate.swift in Sources */,
				A292E13E2B187F8100696A12 /* RMSearchOptionPickerViewController.swift in Sources */,
				A2F4F3682AE2AE0700F142B6 /* RMEpisode.swift in Sources */,
				A2D76F2D2AE68FDD0078E620 /* RMCharacterStatus.swift in Sources */,
				A2F4F3752AE2AF0800F142B6 /* RMSettingsViewController.swift in Sources */,
				A21A21932AF92D98002420D0 /* RMCharacterPhotoCollectionViewCell.swift in Sources */,
				A2A0BDF82B0E50A900538EAF /* RMLocationTableViewCellViewModel.swift in Sources */,
				A21A219D2AF92E98002420D0 /* RMCharacterInfoCollectionViewCellViewModel.swift in Sources */,
				A29D1BF72AFFEDA9003487EA /* RMEpisodeDetailView.swift in Sources */,
				A2A0BDF62B0E4F7C00538EAF /* RMLocationTableViewCell.swift in Sources */,
				A24DA2F82B15CDD500D1AAF4 /* RMSearchInputViewViewModel.swift in Sources */,
				A21A21952AF92DA8002420D0 /* RMCharacterInfoCollectionViewCell.swift in Sources */,
				A2D76F212AE67D670078E620 /* RMService.swift in Sources */,
				A24DA2F62B15CDCD00D1AAF4 /* RMSearchInputView.swift in Sources */,
				A2DF4BEA2B1490D7003857B0 /* RMLocationDetailViewViewModel.swift in Sources */,
				A210D8922AE13CF500214548 /* SceneDelegate.swift in Sources */,
				A2D76F252AE67DDB0078E620 /* RMEndpoint.swift in Sources */,
				A26015CD2AE907CD005B7452 /* RMCharacterListView.swift in Sources */,
				A2F4F36A2AE2AE0F00F142B6 /* RMCharacter.swift in Sources */,
				A2E7E8602B022AFD00A04EB1 /* RMEpisodeListViewViewModel.swift in Sources */,
				A24DA2ED2B15CA9B00D1AAF4 /* RMSearchView.swift in Sources */,
				A2BF47BE2B0CC5E9004E1D6C /* RMSettingsView.swift in Sources */,
				A23A6DFC2B26F8A000982EEA /* RMSearchResultsView.swift in Sources */,
				A2AB87372AEFA6730063EEDA /* RMCharacterDetailViewController.swift in Sources */,
				A227870B2AF40AF700EC79F1 /* RMImageLoader.swift in Sources */,
				A2B874C32AE917E3006E57AD /* RMCharacterCollectionViewCell.swift in Sources */,
				A271D0FB2B0F421000FEB42B /* RMLocationDetailView.swift in Sources */,
				A29D1BF92AFFEDE1003487EA /* RMEpisodeDetailViewViewModel.swift in Sources */,
				A2D76F232AE67D730078E620 /* RMRequest.swift in Sources */,
				A21A21972AF92DC1002420D0 /* RMCharacterEpisodeCollectionViewCell.swift in Sources */,
				A26015CB2AE905BD005B7452 /* RMCharacterListViewViewModel.swift in Sources */,
				A2F4F36F2AE2AED200F142B6 /* RMCharacterViewController.swift in Sources */,
			);
			runOnlyForDeploymentPostprocessing = 0;
		};
/* End PBXSourcesBuildPhase section */

/* Begin PBXVariantGroup section */
		A210D89A2AE13CF600214548 /* LaunchScreen.storyboard */ = {
			isa = PBXVariantGroup;
			children = (
				A210D89B2AE13CF600214548 /* Base */,
			);
			name = LaunchScreen.storyboard;
			sourceTree = "<group>";
		};
/* End PBXVariantGroup section */

/* Begin XCBuildConfiguration section */
		A210D89E2AE13CF600214548 /* Debug */ = {
			isa = XCBuildConfiguration;
			buildSettings = {
				ALWAYS_SEARCH_USER_PATHS = NO;
				ASSETCATALOG_COMPILER_GENERATE_SWIFT_ASSET_SYMBOL_EXTENSIONS = YES;
				CLANG_ANALYZER_NONNULL = YES;
				CLANG_ANALYZER_NUMBER_OBJECT_CONVERSION = YES_AGGRESSIVE;
				CLANG_CXX_LANGUAGE_STANDARD = "gnu++20";
				CLANG_ENABLE_MODULES = YES;
				CLANG_ENABLE_OBJC_ARC = YES;
				CLANG_ENABLE_OBJC_WEAK = YES;
				CLANG_WARN_BLOCK_CAPTURE_AUTORELEASING = YES;
				CLANG_WARN_BOOL_CONVERSION = YES;
				CLANG_WARN_COMMA = YES;
				CLANG_WARN_CONSTANT_CONVERSION = YES;
				CLANG_WARN_DEPRECATED_OBJC_IMPLEMENTATIONS = YES;
				CLANG_WARN_DIRECT_OBJC_ISA_USAGE = YES_ERROR;
				CLANG_WARN_DOCUMENTATION_COMMENTS = YES;
				CLANG_WARN_EMPTY_BODY = YES;
				CLANG_WARN_ENUM_CONVERSION = YES;
				CLANG_WARN_INFINITE_RECURSION = YES;
				CLANG_WARN_INT_CONVERSION = YES;
				CLANG_WARN_NON_LITERAL_NULL_CONVERSION = YES;
				CLANG_WARN_OBJC_IMPLICIT_RETAIN_SELF = YES;
				CLANG_WARN_OBJC_LITERAL_CONVERSION = YES;
				CLANG_WARN_OBJC_ROOT_CLASS = YES_ERROR;
				CLANG_WARN_QUOTED_INCLUDE_IN_FRAMEWORK_HEADER = YES;
				CLANG_WARN_RANGE_LOOP_ANALYSIS = YES;
				CLANG_WARN_STRICT_PROTOTYPES = YES;
				CLANG_WARN_SUSPICIOUS_MOVE = YES;
				CLANG_WARN_UNGUARDED_AVAILABILITY = YES_AGGRESSIVE;
				CLANG_WARN_UNREACHABLE_CODE = YES;
				CLANG_WARN__DUPLICATE_METHOD_MATCH = YES;
				COPY_PHASE_STRIP = NO;
				DEBUG_INFORMATION_FORMAT = dwarf;
				ENABLE_STRICT_OBJC_MSGSEND = YES;
				ENABLE_TESTABILITY = YES;
				ENABLE_USER_SCRIPT_SANDBOXING = YES;
				GCC_C_LANGUAGE_STANDARD = gnu17;
				GCC_DYNAMIC_NO_PIC = NO;
				GCC_NO_COMMON_BLOCKS = YES;
				GCC_OPTIMIZATION_LEVEL = 0;
				GCC_PREPROCESSOR_DEFINITIONS = (
					"DEBUG=1",
					"$(inherited)",
				);
				GCC_WARN_64_TO_32_BIT_CONVERSION = YES;
				GCC_WARN_ABOUT_RETURN_TYPE = YES_ERROR;
				GCC_WARN_UNDECLARED_SELECTOR = YES;
				GCC_WARN_UNINITIALIZED_AUTOS = YES_AGGRESSIVE;
				GCC_WARN_UNUSED_FUNCTION = YES;
				GCC_WARN_UNUSED_VARIABLE = YES;
				IPHONEOS_DEPLOYMENT_TARGET = 17.0;
				LOCALIZATION_PREFERS_STRING_CATALOGS = YES;
				MTL_ENABLE_DEBUG_INFO = INCLUDE_SOURCE;
				MTL_FAST_MATH = YES;
				ONLY_ACTIVE_ARCH = YES;
				SDKROOT = iphoneos;
				SWIFT_ACTIVE_COMPILATION_CONDITIONS = "DEBUG $(inherited)";
				SWIFT_OPTIMIZATION_LEVEL = "-Onone";
			};
			name = Debug;
		};
		A210D89F2AE13CF600214548 /* Release */ = {
			isa = XCBuildConfiguration;
			buildSettings = {
				ALWAYS_SEARCH_USER_PATHS = NO;
				ASSETCATALOG_COMPILER_GENERATE_SWIFT_ASSET_SYMBOL_EXTENSIONS = YES;
				CLANG_ANALYZER_NONNULL = YES;
				CLANG_ANALYZER_NUMBER_OBJECT_CONVERSION = YES_AGGRESSIVE;
				CLANG_CXX_LANGUAGE_STANDARD = "gnu++20";
				CLANG_ENABLE_MODULES = YES;
				CLANG_ENABLE_OBJC_ARC = YES;
				CLANG_ENABLE_OBJC_WEAK = YES;
				CLANG_WARN_BLOCK_CAPTURE_AUTORELEASING = YES;
				CLANG_WARN_BOOL_CONVERSION = YES;
				CLANG_WARN_COMMA = YES;
				CLANG_WARN_CONSTANT_CONVERSION = YES;
				CLANG_WARN_DEPRECATED_OBJC_IMPLEMENTATIONS = YES;
				CLANG_WARN_DIRECT_OBJC_ISA_USAGE = YES_ERROR;
				CLANG_WARN_DOCUMENTATION_COMMENTS = YES;
				CLANG_WARN_EMPTY_BODY = YES;
				CLANG_WARN_ENUM_CONVERSION = YES;
				CLANG_WARN_INFINITE_RECURSION = YES;
				CLANG_WARN_INT_CONVERSION = YES;
				CLANG_WARN_NON_LITERAL_NULL_CONVERSION = YES;
				CLANG_WARN_OBJC_IMPLICIT_RETAIN_SELF = YES;
				CLANG_WARN_OBJC_LITERAL_CONVERSION = YES;
				CLANG_WARN_OBJC_ROOT_CLASS = YES_ERROR;
				CLANG_WARN_QUOTED_INCLUDE_IN_FRAMEWORK_HEADER = YES;
				CLANG_WARN_RANGE_LOOP_ANALYSIS = YES;
				CLANG_WARN_STRICT_PROTOTYPES = YES;
				CLANG_WARN_SUSPICIOUS_MOVE = YES;
				CLANG_WARN_UNGUARDED_AVAILABILITY = YES_AGGRESSIVE;
				CLANG_WARN_UNREACHABLE_CODE = YES;
				CLANG_WARN__DUPLICATE_METHOD_MATCH = YES;
				COPY_PHASE_STRIP = NO;
				DEBUG_INFORMATION_FORMAT = "dwarf-with-dsym";
				ENABLE_NS_ASSERTIONS = NO;
				ENABLE_STRICT_OBJC_MSGSEND = YES;
				ENABLE_USER_SCRIPT_SANDBOXING = YES;
				GCC_C_LANGUAGE_STANDARD = gnu17;
				GCC_NO_COMMON_BLOCKS = YES;
				GCC_WARN_64_TO_32_BIT_CONVERSION = YES;
				GCC_WARN_ABOUT_RETURN_TYPE = YES_ERROR;
				GCC_WARN_UNDECLARED_SELECTOR = YES;
				GCC_WARN_UNINITIALIZED_AUTOS = YES_AGGRESSIVE;
				GCC_WARN_UNUSED_FUNCTION = YES;
				GCC_WARN_UNUSED_VARIABLE = YES;
				IPHONEOS_DEPLOYMENT_TARGET = 17.0;
				LOCALIZATION_PREFERS_STRING_CATALOGS = YES;
				MTL_ENABLE_DEBUG_INFO = NO;
				MTL_FAST_MATH = YES;
				SDKROOT = iphoneos;
				SWIFT_COMPILATION_MODE = wholemodule;
				VALIDATE_PRODUCT = YES;
			};
			name = Release;
		};
		A210D8A12AE13CF600214548 /* Debug */ = {
			isa = XCBuildConfiguration;
			buildSettings = {
				ASSETCATALOG_COMPILER_APPICON_NAME = AppIcon;
				ASSETCATALOG_COMPILER_GLOBAL_ACCENT_COLOR_NAME = AccentColor;
				CODE_SIGN_STYLE = Automatic;
				CURRENT_PROJECT_VERSION = 1;
				DEVELOPMENT_TEAM = 79CS75S5DL;
				GENERATE_INFOPLIST_FILE = YES;
				INFOPLIST_FILE = "Rick&Morty/Info.plist";
				INFOPLIST_KEY_UIApplicationSupportsIndirectInputEvents = YES;
				INFOPLIST_KEY_UILaunchStoryboardName = LaunchScreen;
				INFOPLIST_KEY_UISupportedInterfaceOrientations_iPad = "UIInterfaceOrientationPortrait UIInterfaceOrientationPortraitUpsideDown UIInterfaceOrientationLandscapeLeft UIInterfaceOrientationLandscapeRight";
				INFOPLIST_KEY_UISupportedInterfaceOrientations_iPhone = "UIInterfaceOrientationPortrait UIInterfaceOrientationLandscapeLeft UIInterfaceOrientationLandscapeRight";
				LD_RUNPATH_SEARCH_PATHS = (
					"$(inherited)",
					"@executable_path/Frameworks",
				);
				MARKETING_VERSION = 1.0;
				PRODUCT_BUNDLE_IDENTIFIER = "com.celilcagataygedik.Rick-Morty";
				PRODUCT_NAME = "$(TARGET_NAME)";
				SWIFT_EMIT_LOC_STRINGS = YES;
				SWIFT_VERSION = 5.0;
				TARGETED_DEVICE_FAMILY = "1,2";
			};
			name = Debug;
		};
		A210D8A22AE13CF600214548 /* Release */ = {
			isa = XCBuildConfiguration;
			buildSettings = {
				ASSETCATALOG_COMPILER_APPICON_NAME = AppIcon;
				ASSETCATALOG_COMPILER_GLOBAL_ACCENT_COLOR_NAME = AccentColor;
				CODE_SIGN_STYLE = Automatic;
				CURRENT_PROJECT_VERSION = 1;
				DEVELOPMENT_TEAM = 79CS75S5DL;
				GENERATE_INFOPLIST_FILE = YES;
				INFOPLIST_FILE = "Rick&Morty/Info.plist";
				INFOPLIST_KEY_UIApplicationSupportsIndirectInputEvents = YES;
				INFOPLIST_KEY_UILaunchStoryboardName = LaunchScreen;
				INFOPLIST_KEY_UISupportedInterfaceOrientations_iPad = "UIInterfaceOrientationPortrait UIInterfaceOrientationPortraitUpsideDown UIInterfaceOrientationLandscapeLeft UIInterfaceOrientationLandscapeRight";
				INFOPLIST_KEY_UISupportedInterfaceOrientations_iPhone = "UIInterfaceOrientationPortrait UIInterfaceOrientationLandscapeLeft UIInterfaceOrientationLandscapeRight";
				LD_RUNPATH_SEARCH_PATHS = (
					"$(inherited)",
					"@executable_path/Frameworks",
				);
				MARKETING_VERSION = 1.0;
				PRODUCT_BUNDLE_IDENTIFIER = "com.celilcagataygedik.Rick-Morty";
				PRODUCT_NAME = "$(TARGET_NAME)";
				SWIFT_EMIT_LOC_STRINGS = YES;
				SWIFT_VERSION = 5.0;
				TARGETED_DEVICE_FAMILY = "1,2";
			};
			name = Release;
		};
/* End XCBuildConfiguration section */

/* Begin XCConfigurationList section */
		A210D8872AE13CF500214548 /* Build configuration list for PBXProject "Rick&Morty" */ = {
			isa = XCConfigurationList;
			buildConfigurations = (
				A210D89E2AE13CF600214548 /* Debug */,
				A210D89F2AE13CF600214548 /* Release */,
			);
			defaultConfigurationIsVisible = 0;
			defaultConfigurationName = Release;
		};
		A210D8A02AE13CF600214548 /* Build configuration list for PBXNativeTarget "Rick&Morty" */ = {
			isa = XCConfigurationList;
			buildConfigurations = (
				A210D8A12AE13CF600214548 /* Debug */,
				A210D8A22AE13CF600214548 /* Release */,
			);
			defaultConfigurationIsVisible = 0;
			defaultConfigurationName = Release;
		};
/* End XCConfigurationList section */
	};
	rootObject = A210D8842AE13CF500214548 /* Project object */;
}
