// !$*UTF8*$!
{
	archiveVersion = 1;
	classes = {
	};
	objectVersion = 56;
	objects = {

/* Begin PBXBuildFile section */
		A210D8902AE13CF500214548 /* AppDelegate.swift in Sources */ = {isa = PBXBuildFile; fileRef = A210D88F2AE13CF500214548 /* AppDelegate.swift */; };
		A210D8922AE13CF500214548 /* SceneDelegate.swift in Sources */ = {isa = PBXBuildFile; fileRef = A210D8912AE13CF500214548 /* SceneDelegate.swift */; };
		A210D8942AE13CF500214548 /* RMTabBarController.swift in Sources */ = {isa = PBXBuildFile; fileRef = A210D8932AE13CF500214548 /* RMTabBarController.swift */; };
		A210D8992AE13CF600214548 /* Assets.xcassets in Resources */ = {isa = PBXBuildFile; fileRef = A210D8982AE13CF600214548 /* Assets.xcassets */; };
		A210D89C2AE13CF600214548 /* LaunchScreen.storyboard in Resources */ = {isa = PBXBuildFile; fileRef = A210D89A2AE13CF600214548 /* LaunchScreen.storyboard */; };
		A21533C82AEFD1410042E0BA /* RMFooterLoadingCollectionReusableView.swift in Sources */ = {isa = PBXBuildFile; fileRef = A21533C72AEFD1410042E0BA /* RMFooterLoadingCollectionReusableView.swift */; };
		A215D7742AE7B36D006A045B /* RMGetAllCharacterResponse.swift in Sources */ = {isa = PBXBuildFile; fileRef = A215D7732AE7B36D006A045B /* RMGetAllCharacterResponse.swift */; };
		A26015CB2AE905BD005B7452 /* RMCharacterListViewViewModel.swift in Sources */ = {isa = PBXBuildFile; fileRef = A26015CA2AE905BD005B7452 /* RMCharacterListViewViewModel.swift */; };
		A26015CD2AE907CD005B7452 /* RMCharacterListView.swift in Sources */ = {isa = PBXBuildFile; fileRef = A26015CC2AE907CD005B7452 /* RMCharacterListView.swift */; };
		A2AB87372AEFA6730063EEDA /* RMCharacterDetailViewController.swift in Sources */ = {isa = PBXBuildFile; fileRef = A2AB87362AEFA6730063EEDA /* RMCharacterDetailViewController.swift */; };
		A2AB87392AEFA6CA0063EEDA /* RMCharacterDetailView.swift in Sources */ = {isa = PBXBuildFile; fileRef = A2AB87382AEFA6CA0063EEDA /* RMCharacterDetailView.swift */; };
		A2AB873B2AEFA6EC0063EEDA /* RMCharacterDetailViewViewModel.swift in Sources */ = {isa = PBXBuildFile; fileRef = A2AB873A2AEFA6EC0063EEDA /* RMCharacterDetailViewViewModel.swift */; };
		A2B874C32AE917E3006E57AD /* RMCharacterCollectionViewCell.swift in Sources */ = {isa = PBXBuildFile; fileRef = A2B874C22AE917E3006E57AD /* RMCharacterCollectionViewCell.swift */; };
		A2B874C52AE91910006E57AD /* RMCharacterCollectionViewCellViewModel.swift in Sources */ = {isa = PBXBuildFile; fileRef = A2B874C42AE91910006E57AD /* RMCharacterCollectionViewCellViewModel.swift */; };
		A2D76F212AE67D670078E620 /* RMService.swift in Sources */ = {isa = PBXBuildFile; fileRef = A2D76F202AE67D670078E620 /* RMService.swift */; };
		A2D76F232AE67D730078E620 /* RMRequest.swift in Sources */ = {isa = PBXBuildFile; fileRef = A2D76F222AE67D730078E620 /* RMRequest.swift */; };
		A2D76F252AE67DDB0078E620 /* RMEndpoint.swift in Sources */ = {isa = PBXBuildFile; fileRef = A2D76F242AE67DDB0078E620 /* RMEndpoint.swift */; };
		A2D76F272AE68E410078E620 /* RMOrigin.swift in Sources */ = {isa = PBXBuildFile; fileRef = A2D76F262AE68E410078E620 /* RMOrigin.swift */; };
		A2D76F292AE68E580078E620 /* RMSingleLocation.swift in Sources */ = {isa = PBXBuildFile; fileRef = A2D76F282AE68E580078E620 /* RMSingleLocation.swift */; };
		A2D76F2B2AE68E780078E620 /* RMCharacterGender.swift in Sources */ = {isa = PBXBuildFile; fileRef = A2D76F2A2AE68E780078E620 /* RMCharacterGender.swift */; };
		A2D76F2D2AE68FDD0078E620 /* RMCharacterStatus.swift in Sources */ = {isa = PBXBuildFile; fileRef = A2D76F2C2AE68FDD0078E620 /* RMCharacterStatus.swift */; };
		A2F4F3682AE2AE0700F142B6 /* RMEpisode.swift in Sources */ = {isa = PBXBuildFile; fileRef = A2F4F3672AE2AE0700F142B6 /* RMEpisode.swift */; };
		A2F4F36A2AE2AE0F00F142B6 /* RMCharacter.swift in Sources */ = {isa = PBXBuildFile; fileRef = A2F4F3692AE2AE0F00F142B6 /* RMCharacter.swift */; };
		A2F4F36C2AE2AE1B00F142B6 /* RMLocation.swift in Sources */ = {isa = PBXBuildFile; fileRef = A2F4F36B2AE2AE1B00F142B6 /* RMLocation.swift */; };
		A2F4F36F2AE2AED200F142B6 /* RMCharacterViewController.swift in Sources */ = {isa = PBXBuildFile; fileRef = A2F4F36E2AE2AED200F142B6 /* RMCharacterViewController.swift */; };
		A2F4F3712AE2AEE200F142B6 /* RMLocationViewController.swift in Sources */ = {isa = PBXBuildFile; fileRef = A2F4F3702AE2AEE200F142B6 /* RMLocationViewController.swift */; };
		A2F4F3732AE2AEFC00F142B6 /* RMEpisodeViewController.swift in Sources */ = {isa = PBXBuildFile; fileRef = A2F4F3722AE2AEFC00F142B6 /* RMEpisodeViewController.swift */; };
		A2F4F3752AE2AF0800F142B6 /* RMSettingsViewController.swift in Sources */ = {isa = PBXBuildFile; fileRef = A2F4F3742AE2AF0800F142B6 /* RMSettingsViewController.swift */; };
/* End PBXBuildFile section */

/* Begin PBXFileReference section */
		A210D88C2AE13CF500214548 /* Rick&Morty.app */ = {isa = PBXFileReference; explicitFileType = wrapper.application; includeInIndex = 0; path = "Rick&Morty.app"; sourceTree = BUILT_PRODUCTS_DIR; };
		A210D88F2AE13CF500214548 /* AppDelegate.swift */ = {isa = PBXFileReference; lastKnownFileType = sourcecode.swift; path = AppDelegate.swift; sourceTree = "<group>"; };
		A210D8912AE13CF500214548 /* SceneDelegate.swift */ = {isa = PBXFileReference; lastKnownFileType = sourcecode.swift; path = SceneDelegate.swift; sourceTree = "<group>"; };
		A210D8932AE13CF500214548 /* RMTabBarController.swift */ = {isa = PBXFileReference; lastKnownFileType = sourcecode.swift; path = RMTabBarController.swift; sourceTree = "<group>"; };
		A210D8982AE13CF600214548 /* Assets.xcassets */ = {isa = PBXFileReference; lastKnownFileType = folder.assetcatalog; path = Assets.xcassets; sourceTree = "<group>"; };
		A210D89B2AE13CF600214548 /* Base */ = {isa = PBXFileReference; lastKnownFileType = file.storyboard; name = Base; path = Base.lproj/LaunchScreen.storyboard; sourceTree = "<group>"; };
		A210D89D2AE13CF600214548 /* Info.plist */ = {isa = PBXFileReference; lastKnownFileType = text.plist.xml; path = Info.plist; sourceTree = "<group>"; };
		A21533C72AEFD1410042E0BA /* RMFooterLoadingCollectionReusableView.swift */ = {isa = PBXFileReference; lastKnownFileType = sourcecode.swift; path = RMFooterLoadingCollectionReusableView.swift; sourceTree = "<group>"; };
		A215D7732AE7B36D006A045B /* RMGetAllCharacterResponse.swift */ = {isa = PBXFileReference; lastKnownFileType = sourcecode.swift; path = RMGetAllCharacterResponse.swift; sourceTree = "<group>"; };
		A26015CA2AE905BD005B7452 /* RMCharacterListViewViewModel.swift */ = {isa = PBXFileReference; lastKnownFileType = sourcecode.swift; path = RMCharacterListViewViewModel.swift; sourceTree = "<group>"; };
		A26015CC2AE907CD005B7452 /* RMCharacterListView.swift */ = {isa = PBXFileReference; lastKnownFileType = sourcecode.swift; path = RMCharacterListView.swift; sourceTree = "<group>"; };
		A2AB87362AEFA6730063EEDA /* RMCharacterDetailViewController.swift */ = {isa = PBXFileReference; lastKnownFileType = sourcecode.swift; path = RMCharacterDetailViewController.swift; sourceTree = "<group>"; };
		A2AB87382AEFA6CA0063EEDA /* RMCharacterDetailView.swift */ = {isa = PBXFileReference; lastKnownFileType = sourcecode.swift; path = RMCharacterDetailView.swift; sourceTree = "<group>"; };
		A2AB873A2AEFA6EC0063EEDA /* RMCharacterDetailViewViewModel.swift */ = {isa = PBXFileReference; lastKnownFileType = sourcecode.swift; path = RMCharacterDetailViewViewModel.swift; sourceTree = "<group>"; };
		A2B874C22AE917E3006E57AD /* RMCharacterCollectionViewCell.swift */ = {isa = PBXFileReference; lastKnownFileType = sourcecode.swift; path = RMCharacterCollectionViewCell.swift; sourceTree = "<group>"; };
		A2B874C42AE91910006E57AD /* RMCharacterCollectionViewCellViewModel.swift */ = {isa = PBXFileReference; lastKnownFileType = sourcecode.swift; path = RMCharacterCollectionViewCellViewModel.swift; sourceTree = "<group>"; };
		A2D76F202AE67D670078E620 /* RMService.swift */ = {isa = PBXFileReference; lastKnownFileType = sourcecode.swift; path = RMService.swift; sourceTree = "<group>"; };
		A2D76F222AE67D730078E620 /* RMRequest.swift */ = {isa = PBXFileReference; lastKnownFileType = sourcecode.swift; path = RMRequest.swift; sourceTree = "<group>"; };
		A2D76F242AE67DDB0078E620 /* RMEndpoint.swift */ = {isa = PBXFileReference; lastKnownFileType = sourcecode.swift; path = RMEndpoint.swift; sourceTree = "<group>"; };
		A2D76F262AE68E410078E620 /* RMOrigin.swift */ = {isa = PBXFileReference; lastKnownFileType = sourcecode.swift; path = RMOrigin.swift; sourceTree = "<group>"; };
		A2D76F282AE68E580078E620 /* RMSingleLocation.swift */ = {isa = PBXFileReference; lastKnownFileType = sourcecode.swift; path = RMSingleLocation.swift; sourceTree = "<group>"; };
		A2D76F2A2AE68E780078E620 /* RMCharacterGender.swift */ = {isa = PBXFileReference; lastKnownFileType = sourcecode.swift; path = RMCharacterGender.swift; sourceTree = "<group>"; };
		A2D76F2C2AE68FDD0078E620 /* RMCharacterStatus.swift */ = {isa = PBXFileReference; lastKnownFileType = sourcecode.swift; path = RMCharacterStatus.swift; sourceTree = "<group>"; };
		A2F4F3672AE2AE0700F142B6 /* RMEpisode.swift */ = {isa = PBXFileReference; lastKnownFileType = sourcecode.swift; path = RMEpisode.swift; sourceTree = "<group>"; };
		A2F4F3692AE2AE0F00F142B6 /* RMCharacter.swift */ = {isa = PBXFileReference; lastKnownFileType = sourcecode.swift; path = RMCharacter.swift; sourceTree = "<group>"; };
		A2F4F36B2AE2AE1B00F142B6 /* RMLocation.swift */ = {isa = PBXFileReference; lastKnownFileType = sourcecode.swift; path = RMLocation.swift; sourceTree = "<group>"; };
		A2F4F36E2AE2AED200F142B6 /* RMCharacterViewController.swift */ = {isa = PBXFileReference; lastKnownFileType = sourcecode.swift; path = RMCharacterViewController.swift; sourceTree = "<group>"; };
		A2F4F3702AE2AEE200F142B6 /* RMLocationViewController.swift */ = {isa = PBXFileReference; lastKnownFileType = sourcecode.swift; path = RMLocationViewController.swift; sourceTree = "<group>"; };
		A2F4F3722AE2AEFC00F142B6 /* RMEpisodeViewController.swift */ = {isa = PBXFileReference; lastKnownFileType = sourcecode.swift; path = RMEpisodeViewController.swift; sourceTree = "<group>"; };
		A2F4F3742AE2AF0800F142B6 /* RMSettingsViewController.swift */ = {isa = PBXFileReference; lastKnownFileType = sourcecode.swift; path = RMSettingsViewController.swift; sourceTree = "<group>"; };
/* End PBXFileReference section */

/* Begin PBXFrameworksBuildPhase section */
		A210D8892AE13CF500214548 /* Frameworks */ = {
			isa = PBXFrameworksBuildPhase;
			buildActionMask = 2147483647;
			files = (
			);
			runOnlyForDeploymentPostprocessing = 0;
		};
/* End PBXFrameworksBuildPhase section */

/* Begin PBXGroup section */
		A210D8832AE13CF500214548 = {
			isa = PBXGroup;
			children = (
				A210D88E2AE13CF500214548 /* Rick&Morty */,
				A210D88D2AE13CF500214548 /* Products */,
			);
			sourceTree = "<group>";
		};
		A210D88D2AE13CF500214548 /* Products */ = {
			isa = PBXGroup;
			children = (
				A210D88C2AE13CF500214548 /* Rick&Morty.app */,
			);
			name = Products;
			sourceTree = "<group>";
		};
		A210D88E2AE13CF500214548 /* Rick&Morty */ = {
			isa = PBXGroup;
			children = (
				A2F4F3662AE2ADA200F142B6 /* Resources */,
				A2F4F3642AE2AD9000F142B6 /* Managers */,
				A2F4F3632AE2AD8900F142B6 /* APIClient */,
				A2F4F3622AE2AD8300F142B6 /* ViewModels */,
				A2F4F3612AE2AD7B00F142B6 /* Views */,
				A2F4F3602AE2AD7700F142B6 /* Models */,
				A2F4F35F2AE2AD7200F142B6 /* Controllers */,
				A210D89D2AE13CF600214548 /* Info.plist */,
			);
			path = "Rick&Morty";
			sourceTree = "<group>";
		};
		A215D7712AE7B335006A045B /* DataTypes */ = {
			isa = PBXGroup;
			children = (
				A2F4F3672AE2AE0700F142B6 /* RMEpisode.swift */,
				A2F4F3692AE2AE0F00F142B6 /* RMCharacter.swift */,
				A2F4F36B2AE2AE1B00F142B6 /* RMLocation.swift */,
				A2D76F262AE68E410078E620 /* RMOrigin.swift */,
				A2D76F282AE68E580078E620 /* RMSingleLocation.swift */,
				A2D76F2A2AE68E780078E620 /* RMCharacterGender.swift */,
				A2D76F2C2AE68FDD0078E620 /* RMCharacterStatus.swift */,
			);
			path = DataTypes;
			sourceTree = "<group>";
		};
		A215D7722AE7B347006A045B /* APIResponseTypes */ = {
			isa = PBXGroup;
			children = (
				A215D7732AE7B36D006A045B /* RMGetAllCharacterResponse.swift */,
			);
			path = APIResponseTypes;
			sourceTree = "<group>";
		};
		A2AB87352AEFA6580063EEDA /* Other */ = {
			isa = PBXGroup;
			children = (
				A2AB87362AEFA6730063EEDA /* RMCharacterDetailViewController.swift */,
			);
			path = Other;
			sourceTree = "<group>";
		};
		A2AB873C2AEFAC680063EEDA /* Cells */ = {
			isa = PBXGroup;
			children = (
				A2B874C22AE917E3006E57AD /* RMCharacterCollectionViewCell.swift */,
			);
			path = Cells;
			sourceTree = "<group>";
		};
		A2F4F35F2AE2AD7200F142B6 /* Controllers */ = {
			isa = PBXGroup;
			children = (
				A2AB87352AEFA6580063EEDA /* Other */,
				A2F4F36D2AE2AEA800F142B6 /* Core */,
			);
			path = Controllers;
			sourceTree = "<group>";
		};
		A2F4F3602AE2AD7700F142B6 /* Models */ = {
			isa = PBXGroup;
			children = (
				A215D7722AE7B347006A045B /* APIResponseTypes */,
				A215D7712AE7B335006A045B /* DataTypes */,
			);
			path = Models;
			sourceTree = "<group>";
		};
		A2F4F3612AE2AD7B00F142B6 /* Views */ = {
			isa = PBXGroup;
			children = (
				A2AB873C2AEFAC680063EEDA /* Cells */,
				A26015CC2AE907CD005B7452 /* RMCharacterListView.swift */,
				A2AB87382AEFA6CA0063EEDA /* RMCharacterDetailView.swift */,
				A21533C72AEFD1410042E0BA /* RMFooterLoadingCollectionReusableView.swift */,
			);
			path = Views;
			sourceTree = "<group>";
		};
		A2F4F3622AE2AD8300F142B6 /* ViewModels */ = {
			isa = PBXGroup;
			children = (
				A26015CA2AE905BD005B7452 /* RMCharacterListViewViewModel.swift */,
				A2B874C42AE91910006E57AD /* RMCharacterCollectionViewCellViewModel.swift */,
				A2AB873A2AEFA6EC0063EEDA /* RMCharacterDetailViewViewModel.swift */,
			);
			path = ViewModels;
			sourceTree = "<group>";
		};
		A2F4F3632AE2AD8900F142B6 /* APIClient */ = {
			isa = PBXGroup;
			children = (
				A2D76F202AE67D670078E620 /* RMService.swift */,
				A2D76F222AE67D730078E620 /* RMRequest.swift */,
				A2D76F242AE67DDB0078E620 /* RMEndpoint.swift */,
			);
			path = APIClient;
			sourceTree = "<group>";
		};
		A2F4F3642AE2AD9000F142B6 /* Managers */ = {
			isa = PBXGroup;
			children = (
			);
			path = Managers;
			sourceTree = "<group>";
		};
		A2F4F3662AE2ADA200F142B6 /* Resources */ = {
			isa = PBXGroup;
			children = (
				A210D88F2AE13CF500214548 /* AppDelegate.swift */,
				A210D8912AE13CF500214548 /* SceneDelegate.swift */,
				A210D8982AE13CF600214548 /* Assets.xcassets */,
				A210D89A2AE13CF600214548 /* LaunchScreen.storyboard */,
			);
			path = Resources;
			sourceTree = "<group>";
		};
		A2F4F36D2AE2AEA800F142B6 /* Core */ = {
			isa = PBXGroup;
			children = (
				A210D8932AE13CF500214548 /* RMTabBarController.swift */,
				A2F4F36E2AE2AED200F142B6 /* RMCharacterViewController.swift */,
				A2F4F3702AE2AEE200F142B6 /* RMLocationViewController.swift */,
				A2F4F3722AE2AEFC00F142B6 /* RMEpisodeViewController.swift */,
				A2F4F3742AE2AF0800F142B6 /* RMSettingsViewController.swift */,
			);
			path = Core;
			sourceTree = "<group>";
		};
/* End PBXGroup section */

/* Begin PBXNativeTarget section */
		A210D88B2AE13CF500214548 /* Rick&Morty */ = {
			isa = PBXNativeTarget;
			buildConfigurationList = A210D8A02AE13CF600214548 /* Build configuration list for PBXNativeTarget "Rick&Morty" */;
			buildPhases = (
				A210D8882AE13CF500214548 /* Sources */,
				A210D8892AE13CF500214548 /* Frameworks */,
				A210D88A2AE13CF500214548 /* Resources */,
			);
			buildRules = (
			);
			dependencies = (
			);
			name = "Rick&Morty";
			productName = "Rick&Morty";
			productReference = A210D88C2AE13CF500214548 /* Rick&Morty.app */;
			productType = "com.apple.product-type.application";
		};
/* End PBXNativeTarget section */

/* Begin PBXProject section */
		A210D8842AE13CF500214548 /* Project object */ = {
			isa = PBXProject;
			attributes = {
				BuildIndependentTargetsInParallel = 1;
				LastSwiftUpdateCheck = 1500;
				LastUpgradeCheck = 1500;
				TargetAttributes = {
					A210D88B2AE13CF500214548 = {
						CreatedOnToolsVersion = 15.0;
					};
				};
			};
			buildConfigurationList = A210D8872AE13CF500214548 /* Build configuration list for PBXProject "Rick&Morty" */;
			compatibilityVersion = "Xcode 14.0";
			developmentRegion = en;
			hasScannedForEncodings = 0;
			knownRegions = (
				en,
				Base,
			);
			mainGroup = A210D8832AE13CF500214548;
			productRefGroup = A210D88D2AE13CF500214548 /* Products */;
			projectDirPath = "";
			projectRoot = "";
			targets = (
				A210D88B2AE13CF500214548 /* Rick&Morty */,
			);
		};
/* End PBXProject section */

/* Begin PBXResourcesBuildPhase section */
		A210D88A2AE13CF500214548 /* Resources */ = {
			isa = PBXResourcesBuildPhase;
			buildActionMask = 2147483647;
			files = (
				A210D89C2AE13CF600214548 /* LaunchScreen.storyboard in Resources */,
				A210D8992AE13CF600214548 /* Assets.xcassets in Resources */,
			);
			runOnlyForDeploymentPostprocessing = 0;
		};
/* End PBXResourcesBuildPhase section */

/* Begin PBXSourcesBuildPhase section */
		A210D8882AE13CF500214548 /* Sources */ = {
			isa = PBXSourcesBuildPhase;
			buildActionMask = 2147483647;
			files = (
				A21533C82AEFD1410042E0BA /* RMFooterLoadingCollectionReusableView.swift in Sources */,
				A215D7742AE7B36D006A045B /* RMGetAllCharacterResponse.swift in Sources */,
				A2D76F272AE68E410078E620 /* RMOrigin.swift in Sources */,
				A2B874C52AE91910006E57AD /* RMCharacterCollectionViewCellViewModel.swift in Sources */,
				A2D76F292AE68E580078E620 /* RMSingleLocation.swift in Sources */,
				A2F4F3712AE2AEE200F142B6 /* RMLocationViewController.swift in Sources */,
				A2D76F2B2AE68E780078E620 /* RMCharacterGender.swift in Sources */,
				A210D8942AE13CF500214548 /* RMTabBarController.swift in Sources */,
				A2F4F36C2AE2AE1B00F142B6 /* RMLocation.swift in Sources */,
				A2AB87392AEFA6CA0063EEDA /* RMCharacterDetailView.swift in Sources */,
				A2AB873B2AEFA6EC0063EEDA /* RMCharacterDetailViewViewModel.swift in Sources */,
				A2F4F3732AE2AEFC00F142B6 /* RMEpisodeViewController.swift in Sources */,
				A210D8902AE13CF500214548 /* AppDelegate.swift in Sources */,
				A2F4F3682AE2AE0700F142B6 /* RMEpisode.swift in Sources */,
				A2D76F2D2AE68FDD0078E620 /* RMCharacterStatus.swift in Sources */,
				A2F4F3752AE2AF0800F142B6 /* RMSettingsViewController.swift in Sources */,
				A2D76F212AE67D670078E620 /* RMService.swift in Sources */,
				A210D8922AE13CF500214548 /* SceneDelegate.swift in Sources */,
				A2D76F252AE67DDB0078E620 /* RMEndpoint.swift in Sources */,
				A26015CD2AE907CD005B7452 /* RMCharacterListView.swift in Sources */,
				A2F4F36A2AE2AE0F00F142B6 /* RMCharacter.swift in Sources */,
				A2AB87372AEFA6730063EEDA /* RMCharacterDetailViewController.swift in Sources */,
				A2B874C32AE917E3006E57AD /* RMCharacterCollectionViewCell.swift in Sources */,
				A2D76F232AE67D730078E620 /* RMRequest.swift in Sources */,
				A26015CB2AE905BD005B7452 /* RMCharacterListViewViewModel.swift in Sources */,
				A2F4F36F2AE2AED200F142B6 /* RMCharacterViewController.swift in Sources */,
			);
			runOnlyForDeploymentPostprocessing = 0;
		};
/* End PBXSourcesBuildPhase section */

/* Begin PBXVariantGroup section */
		A210D89A2AE13CF600214548 /* LaunchScreen.storyboard */ = {
			isa = PBXVariantGroup;
			children = (
				A210D89B2AE13CF600214548 /* Base */,
			);
			name = LaunchScreen.storyboard;
			sourceTree = "<group>";
		};
/* End PBXVariantGroup section */

/* Begin XCBuildConfiguration section */
		A210D89E2AE13CF600214548 /* Debug */ = {
			isa = XCBuildConfiguration;
			buildSettings = {
				ALWAYS_SEARCH_USER_PATHS = NO;
				ASSETCATALOG_COMPILER_GENERATE_SWIFT_ASSET_SYMBOL_EXTENSIONS = YES;
				CLANG_ANALYZER_NONNULL = YES;
				CLANG_ANALYZER_NUMBER_OBJECT_CONVERSION = YES_AGGRESSIVE;
				CLANG_CXX_LANGUAGE_STANDARD = "gnu++20";
				CLANG_ENABLE_MODULES = YES;
				CLANG_ENABLE_OBJC_ARC = YES;
				CLANG_ENABLE_OBJC_WEAK = YES;
				CLANG_WARN_BLOCK_CAPTURE_AUTORELEASING = YES;
				CLANG_WARN_BOOL_CONVERSION = YES;
				CLANG_WARN_COMMA = YES;
				CLANG_WARN_CONSTANT_CONVERSION = YES;
				CLANG_WARN_DEPRECATED_OBJC_IMPLEMENTATIONS = YES;
				CLANG_WARN_DIRECT_OBJC_ISA_USAGE = YES_ERROR;
				CLANG_WARN_DOCUMENTATION_COMMENTS = YES;
				CLANG_WARN_EMPTY_BODY = YES;
				CLANG_WARN_ENUM_CONVERSION = YES;
				CLANG_WARN_INFINITE_RECURSION = YES;
				CLANG_WARN_INT_CONVERSION = YES;
				CLANG_WARN_NON_LITERAL_NULL_CONVERSION = YES;
				CLANG_WARN_OBJC_IMPLICIT_RETAIN_SELF = YES;
				CLANG_WARN_OBJC_LITERAL_CONVERSION = YES;
				CLANG_WARN_OBJC_ROOT_CLASS = YES_ERROR;
				CLANG_WARN_QUOTED_INCLUDE_IN_FRAMEWORK_HEADER = YES;
				CLANG_WARN_RANGE_LOOP_ANALYSIS = YES;
				CLANG_WARN_STRICT_PROTOTYPES = YES;
				CLANG_WARN_SUSPICIOUS_MOVE = YES;
				CLANG_WARN_UNGUARDED_AVAILABILITY = YES_AGGRESSIVE;
				CLANG_WARN_UNREACHABLE_CODE = YES;
				CLANG_WARN__DUPLICATE_METHOD_MATCH = YES;
				COPY_PHASE_STRIP = NO;
				DEBUG_INFORMATION_FORMAT = dwarf;
				ENABLE_STRICT_OBJC_MSGSEND = YES;
				ENABLE_TESTABILITY = YES;
				ENABLE_USER_SCRIPT_SANDBOXING = YES;
				GCC_C_LANGUAGE_STANDARD = gnu17;
				GCC_DYNAMIC_NO_PIC = NO;
				GCC_NO_COMMON_BLOCKS = YES;
				GCC_OPTIMIZATION_LEVEL = 0;
				GCC_PREPROCESSOR_DEFINITIONS = (
					"DEBUG=1",
					"$(inherited)",
				);
				GCC_WARN_64_TO_32_BIT_CONVERSION = YES;
				GCC_WARN_ABOUT_RETURN_TYPE = YES_ERROR;
				GCC_WARN_UNDECLARED_SELECTOR = YES;
				GCC_WARN_UNINITIALIZED_AUTOS = YES_AGGRESSIVE;
				GCC_WARN_UNUSED_FUNCTION = YES;
				GCC_WARN_UNUSED_VARIABLE = YES;
				IPHONEOS_DEPLOYMENT_TARGET = 17.0;
				LOCALIZATION_PREFERS_STRING_CATALOGS = YES;
				MTL_ENABLE_DEBUG_INFO = INCLUDE_SOURCE;
				MTL_FAST_MATH = YES;
				ONLY_ACTIVE_ARCH = YES;
				SDKROOT = iphoneos;
				SWIFT_ACTIVE_COMPILATION_CONDITIONS = "DEBUG $(inherited)";
				SWIFT_OPTIMIZATION_LEVEL = "-Onone";
			};
			name = Debug;
		};
		A210D89F2AE13CF600214548 /* Release */ = {
			isa = XCBuildConfiguration;
			buildSettings = {
				ALWAYS_SEARCH_USER_PATHS = NO;
				ASSETCATALOG_COMPILER_GENERATE_SWIFT_ASSET_SYMBOL_EXTENSIONS = YES;
				CLANG_ANALYZER_NONNULL = YES;
				CLANG_ANALYZER_NUMBER_OBJECT_CONVERSION = YES_AGGRESSIVE;
				CLANG_CXX_LANGUAGE_STANDARD = "gnu++20";
				CLANG_ENABLE_MODULES = YES;
				CLANG_ENABLE_OBJC_ARC = YES;
				CLANG_ENABLE_OBJC_WEAK = YES;
				CLANG_WARN_BLOCK_CAPTURE_AUTORELEASING = YES;
				CLANG_WARN_BOOL_CONVERSION = YES;
				CLANG_WARN_COMMA = YES;
				CLANG_WARN_CONSTANT_CONVERSION = YES;
				CLANG_WARN_DEPRECATED_OBJC_IMPLEMENTATIONS = YES;
				CLANG_WARN_DIRECT_OBJC_ISA_USAGE = YES_ERROR;
				CLANG_WARN_DOCUMENTATION_COMMENTS = YES;
				CLANG_WARN_EMPTY_BODY = YES;
				CLANG_WARN_ENUM_CONVERSION = YES;
				CLANG_WARN_INFINITE_RECURSION = YES;
				CLANG_WARN_INT_CONVERSION = YES;
				CLANG_WARN_NON_LITERAL_NULL_CONVERSION = YES;
				CLANG_WARN_OBJC_IMPLICIT_RETAIN_SELF = YES;
				CLANG_WARN_OBJC_LITERAL_CONVERSION = YES;
				CLANG_WARN_OBJC_ROOT_CLASS = YES_ERROR;
				CLANG_WARN_QUOTED_INCLUDE_IN_FRAMEWORK_HEADER = YES;
				CLANG_WARN_RANGE_LOOP_ANALYSIS = YES;
				CLANG_WARN_STRICT_PROTOTYPES = YES;
				CLANG_WARN_SUSPICIOUS_MOVE = YES;
				CLANG_WARN_UNGUARDED_AVAILABILITY = YES_AGGRESSIVE;
				CLANG_WARN_UNREACHABLE_CODE = YES;
				CLANG_WARN__DUPLICATE_METHOD_MATCH = YES;
				COPY_PHASE_STRIP = NO;
				DEBUG_INFORMATION_FORMAT = "dwarf-with-dsym";
				ENABLE_NS_ASSERTIONS = NO;
				ENABLE_STRICT_OBJC_MSGSEND = YES;
				ENABLE_USER_SCRIPT_SANDBOXING = YES;
				GCC_C_LANGUAGE_STANDARD = gnu17;
				GCC_NO_COMMON_BLOCKS = YES;
				GCC_WARN_64_TO_32_BIT_CONVERSION = YES;
				GCC_WARN_ABOUT_RETURN_TYPE = YES_ERROR;
				GCC_WARN_UNDECLARED_SELECTOR = YES;
				GCC_WARN_UNINITIALIZED_AUTOS = YES_AGGRESSIVE;
				GCC_WARN_UNUSED_FUNCTION = YES;
				GCC_WARN_UNUSED_VARIABLE = YES;
				IPHONEOS_DEPLOYMENT_TARGET = 17.0;
				LOCALIZATION_PREFERS_STRING_CATALOGS = YES;
				MTL_ENABLE_DEBUG_INFO = NO;
				MTL_FAST_MATH = YES;
				SDKROOT = iphoneos;
				SWIFT_COMPILATION_MODE = wholemodule;
				VALIDATE_PRODUCT = YES;
			};
			name = Release;
		};
		A210D8A12AE13CF600214548 /* Debug */ = {
			isa = XCBuildConfiguration;
			buildSettings = {
				ASSETCATALOG_COMPILER_APPICON_NAME = AppIcon;
				ASSETCATALOG_COMPILER_GLOBAL_ACCENT_COLOR_NAME = AccentColor;
				CODE_SIGN_STYLE = Automatic;
				CURRENT_PROJECT_VERSION = 1;
				DEVELOPMENT_TEAM = 79CS75S5DL;
				GENERATE_INFOPLIST_FILE = YES;
				INFOPLIST_FILE = "Rick&Morty/Info.plist";
				INFOPLIST_KEY_UIApplicationSupportsIndirectInputEvents = YES;
				INFOPLIST_KEY_UILaunchStoryboardName = LaunchScreen;
				INFOPLIST_KEY_UISupportedInterfaceOrientations_iPad = "UIInterfaceOrientationPortrait UIInterfaceOrientationPortraitUpsideDown UIInterfaceOrientationLandscapeLeft UIInterfaceOrientationLandscapeRight";
				INFOPLIST_KEY_UISupportedInterfaceOrientations_iPhone = "UIInterfaceOrientationPortrait UIInterfaceOrientationLandscapeLeft UIInterfaceOrientationLandscapeRight";
				LD_RUNPATH_SEARCH_PATHS = (
					"$(inherited)",
					"@executable_path/Frameworks",
				);
				MARKETING_VERSION = 1.0;
				PRODUCT_BUNDLE_IDENTIFIER = "com.celilcagataygedik.Rick-Morty";
				PRODUCT_NAME = "$(TARGET_NAME)";
				SWIFT_EMIT_LOC_STRINGS = YES;
				SWIFT_VERSION = 5.0;
				TARGETED_DEVICE_FAMILY = "1,2";
			};
			name = Debug;
		};
		A210D8A22AE13CF600214548 /* Release */ = {
			isa = XCBuildConfiguration;
			buildSettings = {
				ASSETCATALOG_COMPILER_APPICON_NAME = AppIcon;
				ASSETCATALOG_COMPILER_GLOBAL_ACCENT_COLOR_NAME = AccentColor;
				CODE_SIGN_STYLE = Automatic;
				CURRENT_PROJECT_VERSION = 1;
				DEVELOPMENT_TEAM = 79CS75S5DL;
				GENERATE_INFOPLIST_FILE = YES;
				INFOPLIST_FILE = "Rick&Morty/Info.plist";
				INFOPLIST_KEY_UIApplicationSupportsIndirectInputEvents = YES;
				INFOPLIST_KEY_UILaunchStoryboardName = LaunchScreen;
				INFOPLIST_KEY_UISupportedInterfaceOrientations_iPad = "UIInterfaceOrientationPortrait UIInterfaceOrientationPortraitUpsideDown UIInterfaceOrientationLandscapeLeft UIInterfaceOrientationLandscapeRight";
				INFOPLIST_KEY_UISupportedInterfaceOrientations_iPhone = "UIInterfaceOrientationPortrait UIInterfaceOrientationLandscapeLeft UIInterfaceOrientationLandscapeRight";
				LD_RUNPATH_SEARCH_PATHS = (
					"$(inherited)",
					"@executable_path/Frameworks",
				);
				MARKETING_VERSION = 1.0;
				PRODUCT_BUNDLE_IDENTIFIER = "com.celilcagataygedik.Rick-Morty";
				PRODUCT_NAME = "$(TARGET_NAME)";
				SWIFT_EMIT_LOC_STRINGS = YES;
				SWIFT_VERSION = 5.0;
				TARGETED_DEVICE_FAMILY = "1,2";
			};
			name = Release;
		};
/* End XCBuildConfiguration section */

/* Begin XCConfigurationList section */
		A210D8872AE13CF500214548 /* Build configuration list for PBXProject "Rick&Morty" */ = {
			isa = XCConfigurationList;
			buildConfigurations = (
				A210D89E2AE13CF600214548 /* Debug */,
				A210D89F2AE13CF600214548 /* Release */,
			);
			defaultConfigurationIsVisible = 0;
			defaultConfigurationName = Release;
		};
		A210D8A02AE13CF600214548 /* Build configuration list for PBXNativeTarget "Rick&Morty" */ = {
			isa = XCConfigurationList;
			buildConfigurations = (
				A210D8A12AE13CF600214548 /* Debug */,
				A210D8A22AE13CF600214548 /* Release */,
			);
			defaultConfigurationIsVisible = 0;
			defaultConfigurationName = Release;
		};
/* End XCConfigurationList section */
	};
	rootObject = A210D8842AE13CF500214548 /* Project object */;
}
